
Microsoft Visual Studio Solution File, Format Version 12.00
# Visual Studio Version 17
VisualStudioVersion = 17.0.31717.71
MinimumVisualStudioVersion = 10.0.40219.1
Project("{9A19103F-16F7-4668-BE54-9A1E7A4F7556}") = "Tools.Yolo-Validation", "Tools\Tools.Yolo-Validation\Tools.Yolo-Validation.csproj", "{399B626E-CF40-453B-B0E6-400A1CFCA91B}"
EndProject
Project("{9A19103F-16F7-4668-BE54-9A1E7A4F7556}") = "Husty.OpenCvSharp", "Lib\cs\Husty.OpenCvSharp\Husty.OpenCvSharp.csproj", "{75520436-5610-418A-8237-3792A6D74416}"
EndProject
Project("{9A19103F-16F7-4668-BE54-9A1E7A4F7556}") = "Husty.OpenCvSharp.DepthCamera", "Lib\cs\Husty.OpenCvSharp.DepthCamera\Husty.OpenCvSharp.DepthCamera.csproj", "{573A1CD5-7A1C-4732-BAE7-F61682462416}"
EndProject
Project("{9A19103F-16F7-4668-BE54-9A1E7A4F7556}") = "Test.BayesBinarization", "Test\Test.BayesBinarization\Test.BayesBinarization.csproj", "{47755BE8-2AE2-4E05-85DD-A5AD5B2A13EA}"
EndProject
Project("{9A19103F-16F7-4668-BE54-9A1E7A4F7556}") = "Test.TcpSocket", "Test\Test.TcpSocket\Test.TcpSocket.csproj", "{23B7963C-5FA3-43FD-BA45-496348E67A09}"
EndProject
Project("{9A19103F-16F7-4668-BE54-9A1E7A4F7556}") = "Tools.CameraCalibration", "Tools\Tools.CameraCalibration\Tools.CameraCalibration.csproj", "{9B645DA0-E26F-4FB4-A053-5AA44C348502}"
EndProject
Project("{9A19103F-16F7-4668-BE54-9A1E7A4F7556}") = "Tools.DepthCamera", "Tools\Tools.DepthCamera\Tools.DepthCamera.csproj", "{E21CFFFF-A12B-44DF-BECE-12AEFC785B8B}"
EndProject
Project("{9A19103F-16F7-4668-BE54-9A1E7A4F7556}") = "Tools.Yolo-Labeling", "Tools\Tools.Yolo-Labeling\Tools.Yolo-Labeling.csproj", "{1A19612E-2313-4CDC-B4D8-A19B5E7E272B}"
EndProject
Project("{9A19103F-16F7-4668-BE54-9A1E7A4F7556}") = "Tools.NnDataArranger", "Tools\Tools.NnDataArranger\Tools.NnDataArranger.csproj", "{256C6467-E143-4B73-BF49-E6C955872BCF}"
EndProject
Project("{9A19103F-16F7-4668-BE54-9A1E7A4F7556}") = "Test.MultiThreading", "Test\Test.MultiThreading\Test.MultiThreading.csproj", "{6FC2B9E0-D89A-47DB-900B-5B565E1DC530}"
EndProject
Project("{9A19103F-16F7-4668-BE54-9A1E7A4F7556}") = "Test.CanConnection", "Test\Test.CanConnection\Test.CanConnection.csproj", "{C3A4F8F2-F3A6-4DCF-A7D3-A2E2B7B8DC29}"
EndProject
Project("{2150E333-8FDC-42A3-9474-1A3956D46DE8}") = "Test", "Test", "{C9D28F01-3BB9-4480-B4BA-5F592E1F668E}"
EndProject
Project("{2150E333-8FDC-42A3-9474-1A3956D46DE8}") = "Lib", "Lib", "{9F680441-26D5-4D15-8115-83FDC9473DE8}"
EndProject
Project("{2150E333-8FDC-42A3-9474-1A3956D46DE8}") = "Tools", "Tools", "{DE862315-F19F-49E3-9DCC-A3EC043FF422}"
EndProject
Project("{8BC9CEB8-8B4A-11D0-8D11-00A0C91BC942}") = "KalmanFilter", "Lib\cpp\KalmanFilter\KalmanFilter.vcxproj", "{3CB42172-A1FF-44A6-A0E6-8D262F77F2EE}"
EndProject
Project("{8BC9CEB8-8B4A-11D0-8D11-00A0C91BC942}") = "TcpSocket", "Lib\cpp\TcpSocket\TcpSocket.vcxproj", "{D2766C3B-A982-45BB-98E4-CBB44414A45A}"
EndProject
Project("{8BC9CEB8-8B4A-11D0-8D11-00A0C91BC942}") = "Yolo", "Lib\cpp\Yolo\Yolo.vcxproj", "{7C13F57F-F90E-4462-8359-E8E74910187A}"
EndProject
Project("{2150E333-8FDC-42A3-9474-1A3956D46DE8}") = "cs", "cs", "{B522F9B1-917C-4242-A55A-FB27F7465218}"
EndProject
Project("{2150E333-8FDC-42A3-9474-1A3956D46DE8}") = "cpp", "cpp", "{BC14639B-48A7-480E-B34C-F53AB1383602}"
EndProject
Project("{2150E333-8FDC-42A3-9474-1A3956D46DE8}") = "py", "py", "{0EE512F2-0740-4BAB-8CA3-56CBF8F022A9}"
	ProjectSection(SolutionItems) = preProject
		Lib\py\kalman.py = Lib\py\kalman.py
		Lib\py\keras_inference.py = Lib\py\keras_inference.py
		Lib\py\media.py = Lib\py\media.py
		Lib\py\nnabla_inference.py = Lib\py\nnabla_inference.py
		Lib\py\tcpSocket.py = Lib\py\tcpSocket.py
		Lib\py\yolo.py = Lib\py\yolo.py
	EndProjectSection
EndProject
Project("{9A19103F-16F7-4668-BE54-9A1E7A4F7556}") = "Husty.OnnxRuntime", "Lib\cs\Husty.OnnxRuntime\Husty.OnnxRuntime.csproj", "{23E01D3F-0513-44CD-A9A7-020DDE02418D}"
EndProject
Project("{9A19103F-16F7-4668-BE54-9A1E7A4F7556}") = "Husty", "Lib\cs\Husty\Husty.csproj", "{D0E074D8-4014-410C-9A4E-FA400E12BD38}"
EndProject
Project("{2150E333-8FDC-42A3-9474-1A3956D46DE8}") = "Tutorial", "Tutorial", "{567343D4-CEEF-42AC-8AC8-02A6391DA059}"
EndProject
Project("{9A19103F-16F7-4668-BE54-9A1E7A4F7556}") = "Tutorial.Yolo", "Tutorial\Tutorial.Yolo\Tutorial.Yolo.csproj", "{C2F98397-EEAA-45E3-8EE1-70EF4464C96D}"
EndProject
Project("{9A19103F-16F7-4668-BE54-9A1E7A4F7556}") = "Tutorial.Tracker", "Tutorial\Tutorial.Tracker\Tutorial.Tracker.csproj", "{F1152921-A76C-42FA-AB8D-BAA733F180AD}"
EndProject
Project("{9A19103F-16F7-4668-BE54-9A1E7A4F7556}") = "Tutorial.Video", "Tutorial\Tutorial.Video\Tutorial.Video.csproj", "{6F90056C-1460-45BF-98A1-42D4FC515FF1}"
EndProject
Project("{9A19103F-16F7-4668-BE54-9A1E7A4F7556}") = "Tutorial.SerialPortReader", "Tutorial\Tutorial.SerialPortReader\Tutorial.SerialPortReader.csproj", "{3148D23D-75F2-4910-9641-6022EE1F7CFF}"
EndProject
Project("{9A19103F-16F7-4668-BE54-9A1E7A4F7556}") = "Tutorial.SocketServer", "Tutorial\Tutorial.SocketServer\Tutorial.SocketServer.csproj", "{8FC0DB2D-7C0C-4C5B-AFF7-7417AE3CD849}"
EndProject
Project("{9A19103F-16F7-4668-BE54-9A1E7A4F7556}") = "Tutorial.SocketClient", "Tutorial\Tutorial.SocketClient\Tutorial.SocketClient.csproj", "{FF4BD671-D534-4FF7-A009-68B033CC9803}"
EndProject
Project("{9A19103F-16F7-4668-BE54-9A1E7A4F7556}") = "Tutorial.HoughSingleLine", "Tutorial\Tutorial.HoughSingleLine\Tutorial.HoughSingleLine.csproj", "{C8BE7EB5-1592-496F-A792-9B1EDD4352C8}"
EndProject
Project("{9A19103F-16F7-4668-BE54-9A1E7A4F7556}") = "Tutorial.RealsenseStartup", "Tutorial\Tutorial.RealsenseStartup\Tutorial.RealsenseStartup.csproj", "{0563F175-F481-4959-9457-88C18BD4B996}"
EndProject
Global
	GlobalSection(SolutionConfigurationPlatforms) = preSolution
		Debug|Any CPU = Debug|Any CPU
		Debug|x64 = Debug|x64
		Debug|x86 = Debug|x86
		Release|Any CPU = Release|Any CPU
		Release|x64 = Release|x64
		Release|x86 = Release|x86
	EndGlobalSection
	GlobalSection(ProjectConfigurationPlatforms) = postSolution
		{399B626E-CF40-453B-B0E6-400A1CFCA91B}.Debug|Any CPU.ActiveCfg = Debug|Any CPU
		{399B626E-CF40-453B-B0E6-400A1CFCA91B}.Debug|Any CPU.Build.0 = Debug|Any CPU
		{399B626E-CF40-453B-B0E6-400A1CFCA91B}.Debug|x64.ActiveCfg = Debug|Any CPU
		{399B626E-CF40-453B-B0E6-400A1CFCA91B}.Debug|x64.Build.0 = Debug|Any CPU
		{399B626E-CF40-453B-B0E6-400A1CFCA91B}.Debug|x86.ActiveCfg = Debug|Any CPU
		{399B626E-CF40-453B-B0E6-400A1CFCA91B}.Debug|x86.Build.0 = Debug|Any CPU
		{399B626E-CF40-453B-B0E6-400A1CFCA91B}.Release|Any CPU.ActiveCfg = Release|Any CPU
		{399B626E-CF40-453B-B0E6-400A1CFCA91B}.Release|Any CPU.Build.0 = Release|Any CPU
		{399B626E-CF40-453B-B0E6-400A1CFCA91B}.Release|x64.ActiveCfg = Release|Any CPU
		{399B626E-CF40-453B-B0E6-400A1CFCA91B}.Release|x64.Build.0 = Release|Any CPU
		{399B626E-CF40-453B-B0E6-400A1CFCA91B}.Release|x86.ActiveCfg = Release|Any CPU
		{399B626E-CF40-453B-B0E6-400A1CFCA91B}.Release|x86.Build.0 = Release|Any CPU
		{75520436-5610-418A-8237-3792A6D74416}.Debug|Any CPU.ActiveCfg = Debug|Any CPU
		{75520436-5610-418A-8237-3792A6D74416}.Debug|Any CPU.Build.0 = Debug|Any CPU
		{75520436-5610-418A-8237-3792A6D74416}.Debug|x64.ActiveCfg = Debug|Any CPU
		{75520436-5610-418A-8237-3792A6D74416}.Debug|x64.Build.0 = Debug|Any CPU
		{75520436-5610-418A-8237-3792A6D74416}.Debug|x86.ActiveCfg = Debug|Any CPU
		{75520436-5610-418A-8237-3792A6D74416}.Debug|x86.Build.0 = Debug|Any CPU
		{75520436-5610-418A-8237-3792A6D74416}.Release|Any CPU.ActiveCfg = Release|Any CPU
		{75520436-5610-418A-8237-3792A6D74416}.Release|Any CPU.Build.0 = Release|Any CPU
		{75520436-5610-418A-8237-3792A6D74416}.Release|x64.ActiveCfg = Release|Any CPU
		{75520436-5610-418A-8237-3792A6D74416}.Release|x64.Build.0 = Release|Any CPU
		{75520436-5610-418A-8237-3792A6D74416}.Release|x86.ActiveCfg = Release|Any CPU
		{75520436-5610-418A-8237-3792A6D74416}.Release|x86.Build.0 = Release|Any CPU
		{573A1CD5-7A1C-4732-BAE7-F61682462416}.Debug|Any CPU.ActiveCfg = Debug|x64
		{573A1CD5-7A1C-4732-BAE7-F61682462416}.Debug|Any CPU.Build.0 = Debug|x64
		{573A1CD5-7A1C-4732-BAE7-F61682462416}.Debug|x64.ActiveCfg = Debug|x64
		{573A1CD5-7A1C-4732-BAE7-F61682462416}.Debug|x64.Build.0 = Debug|x64
		{573A1CD5-7A1C-4732-BAE7-F61682462416}.Debug|x86.ActiveCfg = Debug|x86
		{573A1CD5-7A1C-4732-BAE7-F61682462416}.Debug|x86.Build.0 = Debug|x86
		{573A1CD5-7A1C-4732-BAE7-F61682462416}.Release|Any CPU.ActiveCfg = Release|x64
		{573A1CD5-7A1C-4732-BAE7-F61682462416}.Release|Any CPU.Build.0 = Release|x64
		{573A1CD5-7A1C-4732-BAE7-F61682462416}.Release|x64.ActiveCfg = Release|x64
		{573A1CD5-7A1C-4732-BAE7-F61682462416}.Release|x64.Build.0 = Release|x64
		{573A1CD5-7A1C-4732-BAE7-F61682462416}.Release|x86.ActiveCfg = Release|x86
		{573A1CD5-7A1C-4732-BAE7-F61682462416}.Release|x86.Build.0 = Release|x86
		{47755BE8-2AE2-4E05-85DD-A5AD5B2A13EA}.Debug|Any CPU.ActiveCfg = Debug|Any CPU
		{47755BE8-2AE2-4E05-85DD-A5AD5B2A13EA}.Debug|Any CPU.Build.0 = Debug|Any CPU
		{47755BE8-2AE2-4E05-85DD-A5AD5B2A13EA}.Debug|x64.ActiveCfg = Debug|Any CPU
		{47755BE8-2AE2-4E05-85DD-A5AD5B2A13EA}.Debug|x64.Build.0 = Debug|Any CPU
		{47755BE8-2AE2-4E05-85DD-A5AD5B2A13EA}.Debug|x86.ActiveCfg = Debug|Any CPU
		{47755BE8-2AE2-4E05-85DD-A5AD5B2A13EA}.Debug|x86.Build.0 = Debug|Any CPU
		{47755BE8-2AE2-4E05-85DD-A5AD5B2A13EA}.Release|Any CPU.ActiveCfg = Release|Any CPU
		{47755BE8-2AE2-4E05-85DD-A5AD5B2A13EA}.Release|Any CPU.Build.0 = Release|Any CPU
		{47755BE8-2AE2-4E05-85DD-A5AD5B2A13EA}.Release|x64.ActiveCfg = Release|Any CPU
		{47755BE8-2AE2-4E05-85DD-A5AD5B2A13EA}.Release|x64.Build.0 = Release|Any CPU
		{47755BE8-2AE2-4E05-85DD-A5AD5B2A13EA}.Release|x86.ActiveCfg = Release|Any CPU
		{47755BE8-2AE2-4E05-85DD-A5AD5B2A13EA}.Release|x86.Build.0 = Release|Any CPU
		{23B7963C-5FA3-43FD-BA45-496348E67A09}.Debug|Any CPU.ActiveCfg = Debug|Any CPU
		{23B7963C-5FA3-43FD-BA45-496348E67A09}.Debug|Any CPU.Build.0 = Debug|Any CPU
		{23B7963C-5FA3-43FD-BA45-496348E67A09}.Debug|x64.ActiveCfg = Debug|Any CPU
		{23B7963C-5FA3-43FD-BA45-496348E67A09}.Debug|x64.Build.0 = Debug|Any CPU
		{23B7963C-5FA3-43FD-BA45-496348E67A09}.Debug|x86.ActiveCfg = Debug|Any CPU
		{23B7963C-5FA3-43FD-BA45-496348E67A09}.Debug|x86.Build.0 = Debug|Any CPU
		{23B7963C-5FA3-43FD-BA45-496348E67A09}.Release|Any CPU.ActiveCfg = Release|Any CPU
		{23B7963C-5FA3-43FD-BA45-496348E67A09}.Release|Any CPU.Build.0 = Release|Any CPU
		{23B7963C-5FA3-43FD-BA45-496348E67A09}.Release|x64.ActiveCfg = Release|Any CPU
		{23B7963C-5FA3-43FD-BA45-496348E67A09}.Release|x64.Build.0 = Release|Any CPU
		{23B7963C-5FA3-43FD-BA45-496348E67A09}.Release|x86.ActiveCfg = Release|Any CPU
		{23B7963C-5FA3-43FD-BA45-496348E67A09}.Release|x86.Build.0 = Release|Any CPU
		{9B645DA0-E26F-4FB4-A053-5AA44C348502}.Debug|Any CPU.ActiveCfg = Debug|Any CPU
		{9B645DA0-E26F-4FB4-A053-5AA44C348502}.Debug|Any CPU.Build.0 = Debug|Any CPU
		{9B645DA0-E26F-4FB4-A053-5AA44C348502}.Debug|x64.ActiveCfg = Debug|Any CPU
		{9B645DA0-E26F-4FB4-A053-5AA44C348502}.Debug|x64.Build.0 = Debug|Any CPU
		{9B645DA0-E26F-4FB4-A053-5AA44C348502}.Debug|x86.ActiveCfg = Debug|Any CPU
		{9B645DA0-E26F-4FB4-A053-5AA44C348502}.Debug|x86.Build.0 = Debug|Any CPU
		{9B645DA0-E26F-4FB4-A053-5AA44C348502}.Release|Any CPU.ActiveCfg = Release|Any CPU
		{9B645DA0-E26F-4FB4-A053-5AA44C348502}.Release|Any CPU.Build.0 = Release|Any CPU
		{9B645DA0-E26F-4FB4-A053-5AA44C348502}.Release|x64.ActiveCfg = Release|Any CPU
		{9B645DA0-E26F-4FB4-A053-5AA44C348502}.Release|x64.Build.0 = Release|Any CPU
		{9B645DA0-E26F-4FB4-A053-5AA44C348502}.Release|x86.ActiveCfg = Release|Any CPU
		{9B645DA0-E26F-4FB4-A053-5AA44C348502}.Release|x86.Build.0 = Release|Any CPU
		{E21CFFFF-A12B-44DF-BECE-12AEFC785B8B}.Debug|Any CPU.ActiveCfg = Debug|x64
		{E21CFFFF-A12B-44DF-BECE-12AEFC785B8B}.Debug|Any CPU.Build.0 = Debug|x64
		{E21CFFFF-A12B-44DF-BECE-12AEFC785B8B}.Debug|x64.ActiveCfg = Debug|x64
		{E21CFFFF-A12B-44DF-BECE-12AEFC785B8B}.Debug|x64.Build.0 = Debug|x64
		{E21CFFFF-A12B-44DF-BECE-12AEFC785B8B}.Debug|x86.ActiveCfg = Debug|Any CPU
		{E21CFFFF-A12B-44DF-BECE-12AEFC785B8B}.Debug|x86.Build.0 = Debug|Any CPU
		{E21CFFFF-A12B-44DF-BECE-12AEFC785B8B}.Release|Any CPU.ActiveCfg = Release|x64
		{E21CFFFF-A12B-44DF-BECE-12AEFC785B8B}.Release|Any CPU.Build.0 = Release|x64
		{E21CFFFF-A12B-44DF-BECE-12AEFC785B8B}.Release|x64.ActiveCfg = Release|x64
		{E21CFFFF-A12B-44DF-BECE-12AEFC785B8B}.Release|x64.Build.0 = Release|x64
		{E21CFFFF-A12B-44DF-BECE-12AEFC785B8B}.Release|x86.ActiveCfg = Release|Any CPU
		{E21CFFFF-A12B-44DF-BECE-12AEFC785B8B}.Release|x86.Build.0 = Release|Any CPU
		{1A19612E-2313-4CDC-B4D8-A19B5E7E272B}.Debug|Any CPU.ActiveCfg = Debug|Any CPU
		{1A19612E-2313-4CDC-B4D8-A19B5E7E272B}.Debug|Any CPU.Build.0 = Debug|Any CPU
		{1A19612E-2313-4CDC-B4D8-A19B5E7E272B}.Debug|x64.ActiveCfg = Debug|Any CPU
		{1A19612E-2313-4CDC-B4D8-A19B5E7E272B}.Debug|x64.Build.0 = Debug|Any CPU
		{1A19612E-2313-4CDC-B4D8-A19B5E7E272B}.Debug|x86.ActiveCfg = Debug|Any CPU
		{1A19612E-2313-4CDC-B4D8-A19B5E7E272B}.Debug|x86.Build.0 = Debug|Any CPU
		{1A19612E-2313-4CDC-B4D8-A19B5E7E272B}.Release|Any CPU.ActiveCfg = Release|Any CPU
		{1A19612E-2313-4CDC-B4D8-A19B5E7E272B}.Release|Any CPU.Build.0 = Release|Any CPU
		{1A19612E-2313-4CDC-B4D8-A19B5E7E272B}.Release|x64.ActiveCfg = Release|Any CPU
		{1A19612E-2313-4CDC-B4D8-A19B5E7E272B}.Release|x64.Build.0 = Release|Any CPU
		{1A19612E-2313-4CDC-B4D8-A19B5E7E272B}.Release|x86.ActiveCfg = Release|Any CPU
		{1A19612E-2313-4CDC-B4D8-A19B5E7E272B}.Release|x86.Build.0 = Release|Any CPU
		{256C6467-E143-4B73-BF49-E6C955872BCF}.Debug|Any CPU.ActiveCfg = Debug|Any CPU
		{256C6467-E143-4B73-BF49-E6C955872BCF}.Debug|Any CPU.Build.0 = Debug|Any CPU
		{256C6467-E143-4B73-BF49-E6C955872BCF}.Debug|x64.ActiveCfg = Debug|Any CPU
		{256C6467-E143-4B73-BF49-E6C955872BCF}.Debug|x64.Build.0 = Debug|Any CPU
		{256C6467-E143-4B73-BF49-E6C955872BCF}.Debug|x86.ActiveCfg = Debug|Any CPU
		{256C6467-E143-4B73-BF49-E6C955872BCF}.Debug|x86.Build.0 = Debug|Any CPU
		{256C6467-E143-4B73-BF49-E6C955872BCF}.Release|Any CPU.ActiveCfg = Release|Any CPU
		{256C6467-E143-4B73-BF49-E6C955872BCF}.Release|Any CPU.Build.0 = Release|Any CPU
		{256C6467-E143-4B73-BF49-E6C955872BCF}.Release|x64.ActiveCfg = Release|Any CPU
		{256C6467-E143-4B73-BF49-E6C955872BCF}.Release|x64.Build.0 = Release|Any CPU
		{256C6467-E143-4B73-BF49-E6C955872BCF}.Release|x86.ActiveCfg = Release|Any CPU
		{256C6467-E143-4B73-BF49-E6C955872BCF}.Release|x86.Build.0 = Release|Any CPU
		{6FC2B9E0-D89A-47DB-900B-5B565E1DC530}.Debug|Any CPU.ActiveCfg = Debug|Any CPU
		{6FC2B9E0-D89A-47DB-900B-5B565E1DC530}.Debug|Any CPU.Build.0 = Debug|Any CPU
		{6FC2B9E0-D89A-47DB-900B-5B565E1DC530}.Debug|x64.ActiveCfg = Debug|Any CPU
		{6FC2B9E0-D89A-47DB-900B-5B565E1DC530}.Debug|x64.Build.0 = Debug|Any CPU
		{6FC2B9E0-D89A-47DB-900B-5B565E1DC530}.Debug|x86.ActiveCfg = Debug|Any CPU
		{6FC2B9E0-D89A-47DB-900B-5B565E1DC530}.Debug|x86.Build.0 = Debug|Any CPU
		{6FC2B9E0-D89A-47DB-900B-5B565E1DC530}.Release|Any CPU.ActiveCfg = Release|Any CPU
		{6FC2B9E0-D89A-47DB-900B-5B565E1DC530}.Release|Any CPU.Build.0 = Release|Any CPU
		{6FC2B9E0-D89A-47DB-900B-5B565E1DC530}.Release|x64.ActiveCfg = Release|Any CPU
		{6FC2B9E0-D89A-47DB-900B-5B565E1DC530}.Release|x64.Build.0 = Release|Any CPU
		{6FC2B9E0-D89A-47DB-900B-5B565E1DC530}.Release|x86.ActiveCfg = Release|Any CPU
		{6FC2B9E0-D89A-47DB-900B-5B565E1DC530}.Release|x86.Build.0 = Release|Any CPU
		{C3A4F8F2-F3A6-4DCF-A7D3-A2E2B7B8DC29}.Debug|Any CPU.ActiveCfg = Debug|Any CPU
		{C3A4F8F2-F3A6-4DCF-A7D3-A2E2B7B8DC29}.Debug|Any CPU.Build.0 = Debug|Any CPU
		{C3A4F8F2-F3A6-4DCF-A7D3-A2E2B7B8DC29}.Debug|x64.ActiveCfg = Debug|Any CPU
		{C3A4F8F2-F3A6-4DCF-A7D3-A2E2B7B8DC29}.Debug|x64.Build.0 = Debug|Any CPU
		{C3A4F8F2-F3A6-4DCF-A7D3-A2E2B7B8DC29}.Debug|x86.ActiveCfg = Debug|Any CPU
		{C3A4F8F2-F3A6-4DCF-A7D3-A2E2B7B8DC29}.Debug|x86.Build.0 = Debug|Any CPU
		{C3A4F8F2-F3A6-4DCF-A7D3-A2E2B7B8DC29}.Release|Any CPU.ActiveCfg = Release|Any CPU
		{C3A4F8F2-F3A6-4DCF-A7D3-A2E2B7B8DC29}.Release|Any CPU.Build.0 = Release|Any CPU
		{C3A4F8F2-F3A6-4DCF-A7D3-A2E2B7B8DC29}.Release|x64.ActiveCfg = Release|Any CPU
		{C3A4F8F2-F3A6-4DCF-A7D3-A2E2B7B8DC29}.Release|x64.Build.0 = Release|Any CPU
		{C3A4F8F2-F3A6-4DCF-A7D3-A2E2B7B8DC29}.Release|x86.ActiveCfg = Release|Any CPU
		{C3A4F8F2-F3A6-4DCF-A7D3-A2E2B7B8DC29}.Release|x86.Build.0 = Release|Any CPU
		{3CB42172-A1FF-44A6-A0E6-8D262F77F2EE}.Debug|Any CPU.ActiveCfg = Debug|x64
		{3CB42172-A1FF-44A6-A0E6-8D262F77F2EE}.Debug|Any CPU.Build.0 = Debug|x64
		{3CB42172-A1FF-44A6-A0E6-8D262F77F2EE}.Debug|x64.ActiveCfg = Debug|x64
		{3CB42172-A1FF-44A6-A0E6-8D262F77F2EE}.Debug|x64.Build.0 = Debug|x64
		{3CB42172-A1FF-44A6-A0E6-8D262F77F2EE}.Debug|x86.ActiveCfg = Debug|Win32
		{3CB42172-A1FF-44A6-A0E6-8D262F77F2EE}.Debug|x86.Build.0 = Debug|Win32
		{3CB42172-A1FF-44A6-A0E6-8D262F77F2EE}.Release|Any CPU.ActiveCfg = Release|x64
		{3CB42172-A1FF-44A6-A0E6-8D262F77F2EE}.Release|Any CPU.Build.0 = Release|x64
		{3CB42172-A1FF-44A6-A0E6-8D262F77F2EE}.Release|x64.ActiveCfg = Release|x64
		{3CB42172-A1FF-44A6-A0E6-8D262F77F2EE}.Release|x64.Build.0 = Release|x64
		{3CB42172-A1FF-44A6-A0E6-8D262F77F2EE}.Release|x86.ActiveCfg = Release|Win32
		{3CB42172-A1FF-44A6-A0E6-8D262F77F2EE}.Release|x86.Build.0 = Release|Win32
		{D2766C3B-A982-45BB-98E4-CBB44414A45A}.Debug|Any CPU.ActiveCfg = Debug|x64
		{D2766C3B-A982-45BB-98E4-CBB44414A45A}.Debug|Any CPU.Build.0 = Debug|x64
		{D2766C3B-A982-45BB-98E4-CBB44414A45A}.Debug|x64.ActiveCfg = Debug|x64
		{D2766C3B-A982-45BB-98E4-CBB44414A45A}.Debug|x64.Build.0 = Debug|x64
		{D2766C3B-A982-45BB-98E4-CBB44414A45A}.Debug|x86.ActiveCfg = Debug|Win32
		{D2766C3B-A982-45BB-98E4-CBB44414A45A}.Debug|x86.Build.0 = Debug|Win32
		{D2766C3B-A982-45BB-98E4-CBB44414A45A}.Release|Any CPU.ActiveCfg = Release|x64
		{D2766C3B-A982-45BB-98E4-CBB44414A45A}.Release|Any CPU.Build.0 = Release|x64
		{D2766C3B-A982-45BB-98E4-CBB44414A45A}.Release|x64.ActiveCfg = Release|x64
		{D2766C3B-A982-45BB-98E4-CBB44414A45A}.Release|x64.Build.0 = Release|x64
		{D2766C3B-A982-45BB-98E4-CBB44414A45A}.Release|x86.ActiveCfg = Release|Win32
		{D2766C3B-A982-45BB-98E4-CBB44414A45A}.Release|x86.Build.0 = Release|Win32
		{7C13F57F-F90E-4462-8359-E8E74910187A}.Debug|Any CPU.ActiveCfg = Debug|x64
		{7C13F57F-F90E-4462-8359-E8E74910187A}.Debug|Any CPU.Build.0 = Debug|x64
		{7C13F57F-F90E-4462-8359-E8E74910187A}.Debug|x64.ActiveCfg = Debug|x64
		{7C13F57F-F90E-4462-8359-E8E74910187A}.Debug|x64.Build.0 = Debug|x64
		{7C13F57F-F90E-4462-8359-E8E74910187A}.Debug|x86.ActiveCfg = Debug|Win32
		{7C13F57F-F90E-4462-8359-E8E74910187A}.Debug|x86.Build.0 = Debug|Win32
		{7C13F57F-F90E-4462-8359-E8E74910187A}.Release|Any CPU.ActiveCfg = Release|x64
		{7C13F57F-F90E-4462-8359-E8E74910187A}.Release|Any CPU.Build.0 = Release|x64
		{7C13F57F-F90E-4462-8359-E8E74910187A}.Release|x64.ActiveCfg = Release|x64
		{7C13F57F-F90E-4462-8359-E8E74910187A}.Release|x64.Build.0 = Release|x64
		{7C13F57F-F90E-4462-8359-E8E74910187A}.Release|x86.ActiveCfg = Release|Win32
		{7C13F57F-F90E-4462-8359-E8E74910187A}.Release|x86.Build.0 = Release|Win32
		{23E01D3F-0513-44CD-A9A7-020DDE02418D}.Debug|Any CPU.ActiveCfg = Debug|Any CPU
		{23E01D3F-0513-44CD-A9A7-020DDE02418D}.Debug|Any CPU.Build.0 = Debug|Any CPU
		{23E01D3F-0513-44CD-A9A7-020DDE02418D}.Debug|x64.ActiveCfg = Debug|Any CPU
		{23E01D3F-0513-44CD-A9A7-020DDE02418D}.Debug|x64.Build.0 = Debug|Any CPU
		{23E01D3F-0513-44CD-A9A7-020DDE02418D}.Debug|x86.ActiveCfg = Debug|Any CPU
		{23E01D3F-0513-44CD-A9A7-020DDE02418D}.Debug|x86.Build.0 = Debug|Any CPU
		{23E01D3F-0513-44CD-A9A7-020DDE02418D}.Release|Any CPU.ActiveCfg = Release|Any CPU
		{23E01D3F-0513-44CD-A9A7-020DDE02418D}.Release|Any CPU.Build.0 = Release|Any CPU
		{23E01D3F-0513-44CD-A9A7-020DDE02418D}.Release|x64.ActiveCfg = Release|Any CPU
		{23E01D3F-0513-44CD-A9A7-020DDE02418D}.Release|x64.Build.0 = Release|Any CPU
		{23E01D3F-0513-44CD-A9A7-020DDE02418D}.Release|x86.ActiveCfg = Release|Any CPU
		{23E01D3F-0513-44CD-A9A7-020DDE02418D}.Release|x86.Build.0 = Release|Any CPU
		{D0E074D8-4014-410C-9A4E-FA400E12BD38}.Debug|Any CPU.ActiveCfg = Debug|Any CPU
		{D0E074D8-4014-410C-9A4E-FA400E12BD38}.Debug|Any CPU.Build.0 = Debug|Any CPU
		{D0E074D8-4014-410C-9A4E-FA400E12BD38}.Debug|x64.ActiveCfg = Debug|Any CPU
		{D0E074D8-4014-410C-9A4E-FA400E12BD38}.Debug|x64.Build.0 = Debug|Any CPU
		{D0E074D8-4014-410C-9A4E-FA400E12BD38}.Debug|x86.ActiveCfg = Debug|Any CPU
		{D0E074D8-4014-410C-9A4E-FA400E12BD38}.Debug|x86.Build.0 = Debug|Any CPU
		{D0E074D8-4014-410C-9A4E-FA400E12BD38}.Release|Any CPU.ActiveCfg = Release|Any CPU
		{D0E074D8-4014-410C-9A4E-FA400E12BD38}.Release|Any CPU.Build.0 = Release|Any CPU
		{D0E074D8-4014-410C-9A4E-FA400E12BD38}.Release|x64.ActiveCfg = Release|Any CPU
		{D0E074D8-4014-410C-9A4E-FA400E12BD38}.Release|x64.Build.0 = Release|Any CPU
		{D0E074D8-4014-410C-9A4E-FA400E12BD38}.Release|x86.ActiveCfg = Release|Any CPU
		{D0E074D8-4014-410C-9A4E-FA400E12BD38}.Release|x86.Build.0 = Release|Any CPU
		{C2F98397-EEAA-45E3-8EE1-70EF4464C96D}.Debug|Any CPU.ActiveCfg = Debug|Any CPU
		{C2F98397-EEAA-45E3-8EE1-70EF4464C96D}.Debug|Any CPU.Build.0 = Debug|Any CPU
		{C2F98397-EEAA-45E3-8EE1-70EF4464C96D}.Debug|x64.ActiveCfg = Debug|Any CPU
		{C2F98397-EEAA-45E3-8EE1-70EF4464C96D}.Debug|x64.Build.0 = Debug|Any CPU
		{C2F98397-EEAA-45E3-8EE1-70EF4464C96D}.Debug|x86.ActiveCfg = Debug|Any CPU
		{C2F98397-EEAA-45E3-8EE1-70EF4464C96D}.Debug|x86.Build.0 = Debug|Any CPU
		{C2F98397-EEAA-45E3-8EE1-70EF4464C96D}.Release|Any CPU.ActiveCfg = Release|Any CPU
		{C2F98397-EEAA-45E3-8EE1-70EF4464C96D}.Release|Any CPU.Build.0 = Release|Any CPU
		{C2F98397-EEAA-45E3-8EE1-70EF4464C96D}.Release|x64.ActiveCfg = Release|Any CPU
		{C2F98397-EEAA-45E3-8EE1-70EF4464C96D}.Release|x64.Build.0 = Release|Any CPU
		{C2F98397-EEAA-45E3-8EE1-70EF4464C96D}.Release|x86.ActiveCfg = Release|Any CPU
		{C2F98397-EEAA-45E3-8EE1-70EF4464C96D}.Release|x86.Build.0 = Release|Any CPU
		{F1152921-A76C-42FA-AB8D-BAA733F180AD}.Debug|Any CPU.ActiveCfg = Debug|Any CPU
		{F1152921-A76C-42FA-AB8D-BAA733F180AD}.Debug|Any CPU.Build.0 = Debug|Any CPU
		{F1152921-A76C-42FA-AB8D-BAA733F180AD}.Debug|x64.ActiveCfg = Debug|Any CPU
		{F1152921-A76C-42FA-AB8D-BAA733F180AD}.Debug|x64.Build.0 = Debug|Any CPU
		{F1152921-A76C-42FA-AB8D-BAA733F180AD}.Debug|x86.ActiveCfg = Debug|Any CPU
		{F1152921-A76C-42FA-AB8D-BAA733F180AD}.Debug|x86.Build.0 = Debug|Any CPU
		{F1152921-A76C-42FA-AB8D-BAA733F180AD}.Release|Any CPU.ActiveCfg = Release|Any CPU
		{F1152921-A76C-42FA-AB8D-BAA733F180AD}.Release|Any CPU.Build.0 = Release|Any CPU
		{F1152921-A76C-42FA-AB8D-BAA733F180AD}.Release|x64.ActiveCfg = Release|Any CPU
		{F1152921-A76C-42FA-AB8D-BAA733F180AD}.Release|x64.Build.0 = Release|Any CPU
		{F1152921-A76C-42FA-AB8D-BAA733F180AD}.Release|x86.ActiveCfg = Release|Any CPU
		{F1152921-A76C-42FA-AB8D-BAA733F180AD}.Release|x86.Build.0 = Release|Any CPU
		{6F90056C-1460-45BF-98A1-42D4FC515FF1}.Debug|Any CPU.ActiveCfg = Debug|Any CPU
		{6F90056C-1460-45BF-98A1-42D4FC515FF1}.Debug|Any CPU.Build.0 = Debug|Any CPU
		{6F90056C-1460-45BF-98A1-42D4FC515FF1}.Debug|x64.ActiveCfg = Debug|Any CPU
		{6F90056C-1460-45BF-98A1-42D4FC515FF1}.Debug|x64.Build.0 = Debug|Any CPU
		{6F90056C-1460-45BF-98A1-42D4FC515FF1}.Debug|x86.ActiveCfg = Debug|Any CPU
		{6F90056C-1460-45BF-98A1-42D4FC515FF1}.Debug|x86.Build.0 = Debug|Any CPU
		{6F90056C-1460-45BF-98A1-42D4FC515FF1}.Release|Any CPU.ActiveCfg = Release|Any CPU
		{6F90056C-1460-45BF-98A1-42D4FC515FF1}.Release|Any CPU.Build.0 = Release|Any CPU
		{6F90056C-1460-45BF-98A1-42D4FC515FF1}.Release|x64.ActiveCfg = Release|Any CPU
		{6F90056C-1460-45BF-98A1-42D4FC515FF1}.Release|x64.Build.0 = Release|Any CPU
		{6F90056C-1460-45BF-98A1-42D4FC515FF1}.Release|x86.ActiveCfg = Release|Any CPU
		{6F90056C-1460-45BF-98A1-42D4FC515FF1}.Release|x86.Build.0 = Release|Any CPU
		{3148D23D-75F2-4910-9641-6022EE1F7CFF}.Debug|Any CPU.ActiveCfg = Debug|Any CPU
		{3148D23D-75F2-4910-9641-6022EE1F7CFF}.Debug|Any CPU.Build.0 = Debug|Any CPU
		{3148D23D-75F2-4910-9641-6022EE1F7CFF}.Debug|x64.ActiveCfg = Debug|Any CPU
		{3148D23D-75F2-4910-9641-6022EE1F7CFF}.Debug|x64.Build.0 = Debug|Any CPU
		{3148D23D-75F2-4910-9641-6022EE1F7CFF}.Debug|x86.ActiveCfg = Debug|Any CPU
		{3148D23D-75F2-4910-9641-6022EE1F7CFF}.Debug|x86.Build.0 = Debug|Any CPU
		{3148D23D-75F2-4910-9641-6022EE1F7CFF}.Release|Any CPU.ActiveCfg = Release|Any CPU
		{3148D23D-75F2-4910-9641-6022EE1F7CFF}.Release|Any CPU.Build.0 = Release|Any CPU
		{3148D23D-75F2-4910-9641-6022EE1F7CFF}.Release|x64.ActiveCfg = Release|Any CPU
		{3148D23D-75F2-4910-9641-6022EE1F7CFF}.Release|x64.Build.0 = Release|Any CPU
		{3148D23D-75F2-4910-9641-6022EE1F7CFF}.Release|x86.ActiveCfg = Release|Any CPU
		{3148D23D-75F2-4910-9641-6022EE1F7CFF}.Release|x86.Build.0 = Release|Any CPU
		{8FC0DB2D-7C0C-4C5B-AFF7-7417AE3CD849}.Debug|Any CPU.ActiveCfg = Debug|Any CPU
		{8FC0DB2D-7C0C-4C5B-AFF7-7417AE3CD849}.Debug|Any CPU.Build.0 = Debug|Any CPU
		{8FC0DB2D-7C0C-4C5B-AFF7-7417AE3CD849}.Debug|x64.ActiveCfg = Debug|Any CPU
		{8FC0DB2D-7C0C-4C5B-AFF7-7417AE3CD849}.Debug|x64.Build.0 = Debug|Any CPU
		{8FC0DB2D-7C0C-4C5B-AFF7-7417AE3CD849}.Debug|x86.ActiveCfg = Debug|Any CPU
		{8FC0DB2D-7C0C-4C5B-AFF7-7417AE3CD849}.Debug|x86.Build.0 = Debug|Any CPU
		{8FC0DB2D-7C0C-4C5B-AFF7-7417AE3CD849}.Release|Any CPU.ActiveCfg = Release|Any CPU
		{8FC0DB2D-7C0C-4C5B-AFF7-7417AE3CD849}.Release|Any CPU.Build.0 = Release|Any CPU
		{8FC0DB2D-7C0C-4C5B-AFF7-7417AE3CD849}.Release|x64.ActiveCfg = Release|Any CPU
		{8FC0DB2D-7C0C-4C5B-AFF7-7417AE3CD849}.Release|x64.Build.0 = Release|Any CPU
		{8FC0DB2D-7C0C-4C5B-AFF7-7417AE3CD849}.Release|x86.ActiveCfg = Release|Any CPU
		{8FC0DB2D-7C0C-4C5B-AFF7-7417AE3CD849}.Release|x86.Build.0 = Release|Any CPU
		{FF4BD671-D534-4FF7-A009-68B033CC9803}.Debug|Any CPU.ActiveCfg = Debug|Any CPU
		{FF4BD671-D534-4FF7-A009-68B033CC9803}.Debug|Any CPU.Build.0 = Debug|Any CPU
		{FF4BD671-D534-4FF7-A009-68B033CC9803}.Debug|x64.ActiveCfg = Debug|Any CPU
		{FF4BD671-D534-4FF7-A009-68B033CC9803}.Debug|x64.Build.0 = Debug|Any CPU
		{FF4BD671-D534-4FF7-A009-68B033CC9803}.Debug|x86.ActiveCfg = Debug|Any CPU
		{FF4BD671-D534-4FF7-A009-68B033CC9803}.Debug|x86.Build.0 = Debug|Any CPU
		{FF4BD671-D534-4FF7-A009-68B033CC9803}.Release|Any CPU.ActiveCfg = Release|Any CPU
		{FF4BD671-D534-4FF7-A009-68B033CC9803}.Release|Any CPU.Build.0 = Release|Any CPU
		{FF4BD671-D534-4FF7-A009-68B033CC9803}.Release|x64.ActiveCfg = Release|Any CPU
		{FF4BD671-D534-4FF7-A009-68B033CC9803}.Release|x64.Build.0 = Release|Any CPU
		{FF4BD671-D534-4FF7-A009-68B033CC9803}.Release|x86.ActiveCfg = Release|Any CPU
		{FF4BD671-D534-4FF7-A009-68B033CC9803}.Release|x86.Build.0 = Release|Any CPU
		{C8BE7EB5-1592-496F-A792-9B1EDD4352C8}.Debug|Any CPU.ActiveCfg = Debug|Any CPU
		{C8BE7EB5-1592-496F-A792-9B1EDD4352C8}.Debug|Any CPU.Build.0 = Debug|Any CPU
		{C8BE7EB5-1592-496F-A792-9B1EDD4352C8}.Debug|x64.ActiveCfg = Debug|Any CPU
		{C8BE7EB5-1592-496F-A792-9B1EDD4352C8}.Debug|x64.Build.0 = Debug|Any CPU
		{C8BE7EB5-1592-496F-A792-9B1EDD4352C8}.Debug|x86.ActiveCfg = Debug|Any CPU
		{C8BE7EB5-1592-496F-A792-9B1EDD4352C8}.Debug|x86.Build.0 = Debug|Any CPU
		{C8BE7EB5-1592-496F-A792-9B1EDD4352C8}.Release|Any CPU.ActiveCfg = Release|Any CPU
		{C8BE7EB5-1592-496F-A792-9B1EDD4352C8}.Release|Any CPU.Build.0 = Release|Any CPU
		{C8BE7EB5-1592-496F-A792-9B1EDD4352C8}.Release|x64.ActiveCfg = Release|Any CPU
		{C8BE7EB5-1592-496F-A792-9B1EDD4352C8}.Release|x64.Build.0 = Release|Any CPU
		{C8BE7EB5-1592-496F-A792-9B1EDD4352C8}.Release|x86.ActiveCfg = Release|Any CPU
		{C8BE7EB5-1592-496F-A792-9B1EDD4352C8}.Release|x86.Build.0 = Release|Any CPU
		{0563F175-F481-4959-9457-88C18BD4B996}.Debug|Any CPU.ActiveCfg = Debug|Any CPU
		{0563F175-F481-4959-9457-88C18BD4B996}.Debug|Any CPU.Build.0 = Debug|Any CPU
		{0563F175-F481-4959-9457-88C18BD4B996}.Debug|x64.ActiveCfg = Debug|Any CPU
		{0563F175-F481-4959-9457-88C18BD4B996}.Debug|x64.Build.0 = Debug|Any CPU
		{0563F175-F481-4959-9457-88C18BD4B996}.Debug|x86.ActiveCfg = Debug|Any CPU
		{0563F175-F481-4959-9457-88C18BD4B996}.Debug|x86.Build.0 = Debug|Any CPU
		{0563F175-F481-4959-9457-88C18BD4B996}.Release|Any CPU.ActiveCfg = Release|Any CPU
		{0563F175-F481-4959-9457-88C18BD4B996}.Release|Any CPU.Build.0 = Release|Any CPU
		{0563F175-F481-4959-9457-88C18BD4B996}.Release|x64.ActiveCfg = Release|Any CPU
		{0563F175-F481-4959-9457-88C18BD4B996}.Release|x64.Build.0 = Release|Any CPU
		{0563F175-F481-4959-9457-88C18BD4B996}.Release|x86.ActiveCfg = Release|Any CPU
		{0563F175-F481-4959-9457-88C18BD4B996}.Release|x86.Build.0 = Release|Any CPU
	EndGlobalSection
	GlobalSection(SolutionProperties) = preSolution
		HideSolutionNode = FALSE
	EndGlobalSection
	GlobalSection(NestedProjects) = preSolution
		{399B626E-CF40-453B-B0E6-400A1CFCA91B} = {DE862315-F19F-49E3-9DCC-A3EC043FF422}
		{75520436-5610-418A-8237-3792A6D74416} = {B522F9B1-917C-4242-A55A-FB27F7465218}
		{573A1CD5-7A1C-4732-BAE7-F61682462416} = {B522F9B1-917C-4242-A55A-FB27F7465218}
		{47755BE8-2AE2-4E05-85DD-A5AD5B2A13EA} = {C9D28F01-3BB9-4480-B4BA-5F592E1F668E}
		{23B7963C-5FA3-43FD-BA45-496348E67A09} = {C9D28F01-3BB9-4480-B4BA-5F592E1F668E}
		{9B645DA0-E26F-4FB4-A053-5AA44C348502} = {DE862315-F19F-49E3-9DCC-A3EC043FF422}
		{E21CFFFF-A12B-44DF-BECE-12AEFC785B8B} = {DE862315-F19F-49E3-9DCC-A3EC043FF422}
		{1A19612E-2313-4CDC-B4D8-A19B5E7E272B} = {DE862315-F19F-49E3-9DCC-A3EC043FF422}
		{256C6467-E143-4B73-BF49-E6C955872BCF} = {DE862315-F19F-49E3-9DCC-A3EC043FF422}
		{6FC2B9E0-D89A-47DB-900B-5B565E1DC530} = {C9D28F01-3BB9-4480-B4BA-5F592E1F668E}
		{C3A4F8F2-F3A6-4DCF-A7D3-A2E2B7B8DC29} = {C9D28F01-3BB9-4480-B4BA-5F592E1F668E}
		{3CB42172-A1FF-44A6-A0E6-8D262F77F2EE} = {BC14639B-48A7-480E-B34C-F53AB1383602}
		{D2766C3B-A982-45BB-98E4-CBB44414A45A} = {BC14639B-48A7-480E-B34C-F53AB1383602}
		{7C13F57F-F90E-4462-8359-E8E74910187A} = {BC14639B-48A7-480E-B34C-F53AB1383602}
		{B522F9B1-917C-4242-A55A-FB27F7465218} = {9F680441-26D5-4D15-8115-83FDC9473DE8}
		{BC14639B-48A7-480E-B34C-F53AB1383602} = {9F680441-26D5-4D15-8115-83FDC9473DE8}
		{0EE512F2-0740-4BAB-8CA3-56CBF8F022A9} = {9F680441-26D5-4D15-8115-83FDC9473DE8}
		{23E01D3F-0513-44CD-A9A7-020DDE02418D} = {B522F9B1-917C-4242-A55A-FB27F7465218}
		{D0E074D8-4014-410C-9A4E-FA400E12BD38} = {B522F9B1-917C-4242-A55A-FB27F7465218}
		{C2F98397-EEAA-45E3-8EE1-70EF4464C96D} = {567343D4-CEEF-42AC-8AC8-02A6391DA059}
		{F1152921-A76C-42FA-AB8D-BAA733F180AD} = {567343D4-CEEF-42AC-8AC8-02A6391DA059}
		{6F90056C-1460-45BF-98A1-42D4FC515FF1} = {567343D4-CEEF-42AC-8AC8-02A6391DA059}
		{3148D23D-75F2-4910-9641-6022EE1F7CFF} = {567343D4-CEEF-42AC-8AC8-02A6391DA059}
		{8FC0DB2D-7C0C-4C5B-AFF7-7417AE3CD849} = {567343D4-CEEF-42AC-8AC8-02A6391DA059}
		{FF4BD671-D534-4FF7-A009-68B033CC9803} = {567343D4-CEEF-42AC-8AC8-02A6391DA059}
		{C8BE7EB5-1592-496F-A792-9B1EDD4352C8} = {567343D4-CEEF-42AC-8AC8-02A6391DA059}
		{0563F175-F481-4959-9457-88C18BD4B996} = {567343D4-CEEF-42AC-8AC8-02A6391DA059}
	EndGlobalSection
	GlobalSection(ExtensibilityGlobals) = postSolution
		SolutionGuid = {C7E8A650-965E-4175-B03C-832FABDB4FFA}
	EndGlobalSection
EndGlobal
