
Microsoft Visual Studio Solution File, Format Version 12.00
# Visual Studio Version 16
VisualStudioVersion = 16.0.30717.126
MinimumVisualStudioVersion = 10.0.40219.1
Project("{9A19103F-16F7-4668-BE54-9A1E7A4F7556}") = "Samples.DepthCameras", "Samples\Samples.DepthCameras\Samples.DepthCameras.csproj", "{543445A2-1FE0-45D0-A99B-F826F12DEDA3}"
EndProject
Project("{9A19103F-16F7-4668-BE54-9A1E7A4F7556}") = "Samples.Yolo-tiny", "Samples\Samples.Yolo-tiny\Samples.Yolo-tiny.csproj", "{0785E885-8E07-4975-890A-65D8BD189188}"
EndProject
Project("{9A19103F-16F7-4668-BE54-9A1E7A4F7556}") = "Samples.Socket", "Samples\Samples.Socket\Samples.Socket.csproj", "{C6FA6925-AFEB-4EED-8728-FAD444A63FD9}"
EndProject
Project("{9A19103F-16F7-4668-BE54-9A1E7A4F7556}") = "Samples.Tracking", "Samples\Samples.Tracking\Samples.Tracking.csproj", "{40032ACB-E15B-41DB-8C1B-7C185AA835BD}"
EndProject
Project("{9A19103F-16F7-4668-BE54-9A1E7A4F7556}") = "Samples.BayesBinarization", "Samples\Samples.BayesBinarization\Samples.BayesBinarization.csproj", "{1D83421A-A039-455A-9B8A-81DB4098542B}"
EndProject
Project("{9A19103F-16F7-4668-BE54-9A1E7A4F7556}") = "Tools.Yolo-Labeller", "Tools\Tools.Yolo-Labeller\Tools.Yolo-Labeller.csproj", "{9FF32727-32B9-4AFE-A284-BA5ACE40C940}"
EndProject
Project("{9A19103F-16F7-4668-BE54-9A1E7A4F7556}") = "Tools.Yolo-Validation", "Tools\Tools.Yolo-Validation\Tools.Yolo-Validation.csproj", "{399B626E-CF40-453B-B0E6-400A1CFCA91B}"
EndProject
Project("{9A19103F-16F7-4668-BE54-9A1E7A4F7556}") = "Tools.NncDataArranger", "Tools\Tools.NncDataArranger\Tools.NncDataArranger.csproj", "{190AA290-6741-443B-AE53-769D84ED72E1}"
EndProject
Project("{9A19103F-16F7-4668-BE54-9A1E7A4F7556}") = "Husty", "Lib\cs\Husty\Husty.csproj", "{44B74CB9-6AE0-4A32-8701-1F2DD9DCA172}"
EndProject
Project("{9A19103F-16F7-4668-BE54-9A1E7A4F7556}") = "Husty.OpenCvSharp", "Lib\cs\Husty.OpenCvSharp\Husty.OpenCvSharp.csproj", "{75520436-5610-418A-8237-3792A6D74416}"
EndProject
Project("{9A19103F-16F7-4668-BE54-9A1E7A4F7556}") = "Husty.OpenCvSharp.DepthCamera", "Lib\cs\Husty.OpenCvSharp.DepthCamera\Husty.OpenCvSharp.DepthCamera.csproj", "{573A1CD5-7A1C-4732-BAE7-F61682462416}"
EndProject
Project("{8BC9CEB8-8B4A-11D0-8D11-00A0C91BC942}") = "KalmanFilter", "Lib\cpp\KalmanFilter\KalmanFilter.vcxproj", "{3CB42172-A1FF-44A6-A0E6-8D262F77F2EE}"
EndProject
Project("{8BC9CEB8-8B4A-11D0-8D11-00A0C91BC942}") = "TcpSocket", "Lib\cpp\TcpSocket\TcpSocket.vcxproj", "{D2766C3B-A982-45BB-98E4-CBB44414A45A}"
EndProject
Project("{8BC9CEB8-8B4A-11D0-8D11-00A0C91BC942}") = "Yolo", "Lib\cpp\Yolo\Yolo.vcxproj", "{7C13F57F-F90E-4462-8359-E8E74910187A}"
EndProject
Global
	GlobalSection(SolutionConfigurationPlatforms) = preSolution
		Debug|Any CPU = Debug|Any CPU
		Debug|x64 = Debug|x64
		Debug|x86 = Debug|x86
		Release|Any CPU = Release|Any CPU
		Release|x64 = Release|x64
		Release|x86 = Release|x86
	EndGlobalSection
	GlobalSection(ProjectConfigurationPlatforms) = postSolution
		{543445A2-1FE0-45D0-A99B-F826F12DEDA3}.Debug|Any CPU.ActiveCfg = Debug|x64
		{543445A2-1FE0-45D0-A99B-F826F12DEDA3}.Debug|Any CPU.Build.0 = Debug|x64
		{543445A2-1FE0-45D0-A99B-F826F12DEDA3}.Debug|x64.ActiveCfg = Debug|Any CPU
		{543445A2-1FE0-45D0-A99B-F826F12DEDA3}.Debug|x64.Build.0 = Debug|Any CPU
		{543445A2-1FE0-45D0-A99B-F826F12DEDA3}.Debug|x86.ActiveCfg = Debug|Any CPU
		{543445A2-1FE0-45D0-A99B-F826F12DEDA3}.Debug|x86.Build.0 = Debug|Any CPU
		{543445A2-1FE0-45D0-A99B-F826F12DEDA3}.Release|Any CPU.ActiveCfg = Release|x64
		{543445A2-1FE0-45D0-A99B-F826F12DEDA3}.Release|Any CPU.Build.0 = Release|x64
		{543445A2-1FE0-45D0-A99B-F826F12DEDA3}.Release|x64.ActiveCfg = Release|Any CPU
		{543445A2-1FE0-45D0-A99B-F826F12DEDA3}.Release|x64.Build.0 = Release|Any CPU
		{543445A2-1FE0-45D0-A99B-F826F12DEDA3}.Release|x86.ActiveCfg = Release|Any CPU
		{543445A2-1FE0-45D0-A99B-F826F12DEDA3}.Release|x86.Build.0 = Release|Any CPU
		{0785E885-8E07-4975-890A-65D8BD189188}.Debug|Any CPU.ActiveCfg = Debug|Any CPU
		{0785E885-8E07-4975-890A-65D8BD189188}.Debug|Any CPU.Build.0 = Debug|Any CPU
		{0785E885-8E07-4975-890A-65D8BD189188}.Debug|x64.ActiveCfg = Debug|Any CPU
		{0785E885-8E07-4975-890A-65D8BD189188}.Debug|x64.Build.0 = Debug|Any CPU
		{0785E885-8E07-4975-890A-65D8BD189188}.Debug|x86.ActiveCfg = Debug|Any CPU
		{0785E885-8E07-4975-890A-65D8BD189188}.Debug|x86.Build.0 = Debug|Any CPU
		{0785E885-8E07-4975-890A-65D8BD189188}.Release|Any CPU.ActiveCfg = Release|Any CPU
		{0785E885-8E07-4975-890A-65D8BD189188}.Release|Any CPU.Build.0 = Release|Any CPU
		{0785E885-8E07-4975-890A-65D8BD189188}.Release|x64.ActiveCfg = Release|Any CPU
		{0785E885-8E07-4975-890A-65D8BD189188}.Release|x64.Build.0 = Release|Any CPU
		{0785E885-8E07-4975-890A-65D8BD189188}.Release|x86.ActiveCfg = Release|Any CPU
		{0785E885-8E07-4975-890A-65D8BD189188}.Release|x86.Build.0 = Release|Any CPU
		{C6FA6925-AFEB-4EED-8728-FAD444A63FD9}.Debug|Any CPU.ActiveCfg = Debug|Any CPU
		{C6FA6925-AFEB-4EED-8728-FAD444A63FD9}.Debug|Any CPU.Build.0 = Debug|Any CPU
		{C6FA6925-AFEB-4EED-8728-FAD444A63FD9}.Debug|x64.ActiveCfg = Debug|Any CPU
		{C6FA6925-AFEB-4EED-8728-FAD444A63FD9}.Debug|x64.Build.0 = Debug|Any CPU
		{C6FA6925-AFEB-4EED-8728-FAD444A63FD9}.Debug|x86.ActiveCfg = Debug|Any CPU
		{C6FA6925-AFEB-4EED-8728-FAD444A63FD9}.Debug|x86.Build.0 = Debug|Any CPU
		{C6FA6925-AFEB-4EED-8728-FAD444A63FD9}.Release|Any CPU.ActiveCfg = Release|Any CPU
		{C6FA6925-AFEB-4EED-8728-FAD444A63FD9}.Release|Any CPU.Build.0 = Release|Any CPU
		{C6FA6925-AFEB-4EED-8728-FAD444A63FD9}.Release|x64.ActiveCfg = Release|Any CPU
		{C6FA6925-AFEB-4EED-8728-FAD444A63FD9}.Release|x64.Build.0 = Release|Any CPU
		{C6FA6925-AFEB-4EED-8728-FAD444A63FD9}.Release|x86.ActiveCfg = Release|Any CPU
		{C6FA6925-AFEB-4EED-8728-FAD444A63FD9}.Release|x86.Build.0 = Release|Any CPU
		{40032ACB-E15B-41DB-8C1B-7C185AA835BD}.Debug|Any CPU.ActiveCfg = Debug|Any CPU
		{40032ACB-E15B-41DB-8C1B-7C185AA835BD}.Debug|Any CPU.Build.0 = Debug|Any CPU
		{40032ACB-E15B-41DB-8C1B-7C185AA835BD}.Debug|x64.ActiveCfg = Debug|Any CPU
		{40032ACB-E15B-41DB-8C1B-7C185AA835BD}.Debug|x64.Build.0 = Debug|Any CPU
		{40032ACB-E15B-41DB-8C1B-7C185AA835BD}.Debug|x86.ActiveCfg = Debug|Any CPU
		{40032ACB-E15B-41DB-8C1B-7C185AA835BD}.Debug|x86.Build.0 = Debug|Any CPU
		{40032ACB-E15B-41DB-8C1B-7C185AA835BD}.Release|Any CPU.ActiveCfg = Release|Any CPU
		{40032ACB-E15B-41DB-8C1B-7C185AA835BD}.Release|Any CPU.Build.0 = Release|Any CPU
		{40032ACB-E15B-41DB-8C1B-7C185AA835BD}.Release|x64.ActiveCfg = Release|Any CPU
		{40032ACB-E15B-41DB-8C1B-7C185AA835BD}.Release|x64.Build.0 = Release|Any CPU
		{40032ACB-E15B-41DB-8C1B-7C185AA835BD}.Release|x86.ActiveCfg = Release|Any CPU
		{40032ACB-E15B-41DB-8C1B-7C185AA835BD}.Release|x86.Build.0 = Release|Any CPU
		{1D83421A-A039-455A-9B8A-81DB4098542B}.Debug|Any CPU.ActiveCfg = Debug|Any CPU
		{1D83421A-A039-455A-9B8A-81DB4098542B}.Debug|Any CPU.Build.0 = Debug|Any CPU
		{1D83421A-A039-455A-9B8A-81DB4098542B}.Debug|x64.ActiveCfg = Debug|Any CPU
		{1D83421A-A039-455A-9B8A-81DB4098542B}.Debug|x64.Build.0 = Debug|Any CPU
		{1D83421A-A039-455A-9B8A-81DB4098542B}.Debug|x86.ActiveCfg = Debug|Any CPU
		{1D83421A-A039-455A-9B8A-81DB4098542B}.Debug|x86.Build.0 = Debug|Any CPU
		{1D83421A-A039-455A-9B8A-81DB4098542B}.Release|Any CPU.ActiveCfg = Release|Any CPU
		{1D83421A-A039-455A-9B8A-81DB4098542B}.Release|Any CPU.Build.0 = Release|Any CPU
		{1D83421A-A039-455A-9B8A-81DB4098542B}.Release|x64.ActiveCfg = Release|Any CPU
		{1D83421A-A039-455A-9B8A-81DB4098542B}.Release|x64.Build.0 = Release|Any CPU
		{1D83421A-A039-455A-9B8A-81DB4098542B}.Release|x86.ActiveCfg = Release|Any CPU
		{1D83421A-A039-455A-9B8A-81DB4098542B}.Release|x86.Build.0 = Release|Any CPU
		{9FF32727-32B9-4AFE-A284-BA5ACE40C940}.Debug|Any CPU.ActiveCfg = Debug|Any CPU
		{9FF32727-32B9-4AFE-A284-BA5ACE40C940}.Debug|Any CPU.Build.0 = Debug|Any CPU
		{9FF32727-32B9-4AFE-A284-BA5ACE40C940}.Debug|x64.ActiveCfg = Debug|Any CPU
		{9FF32727-32B9-4AFE-A284-BA5ACE40C940}.Debug|x64.Build.0 = Debug|Any CPU
		{9FF32727-32B9-4AFE-A284-BA5ACE40C940}.Debug|x86.ActiveCfg = Debug|Any CPU
		{9FF32727-32B9-4AFE-A284-BA5ACE40C940}.Debug|x86.Build.0 = Debug|Any CPU
		{9FF32727-32B9-4AFE-A284-BA5ACE40C940}.Release|Any CPU.ActiveCfg = Release|Any CPU
		{9FF32727-32B9-4AFE-A284-BA5ACE40C940}.Release|Any CPU.Build.0 = Release|Any CPU
		{9FF32727-32B9-4AFE-A284-BA5ACE40C940}.Release|x64.ActiveCfg = Release|Any CPU
		{9FF32727-32B9-4AFE-A284-BA5ACE40C940}.Release|x64.Build.0 = Release|Any CPU
		{9FF32727-32B9-4AFE-A284-BA5ACE40C940}.Release|x86.ActiveCfg = Release|Any CPU
		{9FF32727-32B9-4AFE-A284-BA5ACE40C940}.Release|x86.Build.0 = Release|Any CPU
		{399B626E-CF40-453B-B0E6-400A1CFCA91B}.Debug|Any CPU.ActiveCfg = Debug|Any CPU
		{399B626E-CF40-453B-B0E6-400A1CFCA91B}.Debug|Any CPU.Build.0 = Debug|Any CPU
		{399B626E-CF40-453B-B0E6-400A1CFCA91B}.Debug|x64.ActiveCfg = Debug|Any CPU
		{399B626E-CF40-453B-B0E6-400A1CFCA91B}.Debug|x64.Build.0 = Debug|Any CPU
		{399B626E-CF40-453B-B0E6-400A1CFCA91B}.Debug|x86.ActiveCfg = Debug|Any CPU
		{399B626E-CF40-453B-B0E6-400A1CFCA91B}.Debug|x86.Build.0 = Debug|Any CPU
		{399B626E-CF40-453B-B0E6-400A1CFCA91B}.Release|Any CPU.ActiveCfg = Release|Any CPU
		{399B626E-CF40-453B-B0E6-400A1CFCA91B}.Release|Any CPU.Build.0 = Release|Any CPU
		{399B626E-CF40-453B-B0E6-400A1CFCA91B}.Release|x64.ActiveCfg = Release|Any CPU
		{399B626E-CF40-453B-B0E6-400A1CFCA91B}.Release|x64.Build.0 = Release|Any CPU
		{399B626E-CF40-453B-B0E6-400A1CFCA91B}.Release|x86.ActiveCfg = Release|Any CPU
		{399B626E-CF40-453B-B0E6-400A1CFCA91B}.Release|x86.Build.0 = Release|Any CPU
		{190AA290-6741-443B-AE53-769D84ED72E1}.Debug|Any CPU.ActiveCfg = Debug|Any CPU
		{190AA290-6741-443B-AE53-769D84ED72E1}.Debug|Any CPU.Build.0 = Debug|Any CPU
		{190AA290-6741-443B-AE53-769D84ED72E1}.Debug|x64.ActiveCfg = Debug|Any CPU
		{190AA290-6741-443B-AE53-769D84ED72E1}.Debug|x64.Build.0 = Debug|Any CPU
		{190AA290-6741-443B-AE53-769D84ED72E1}.Debug|x86.ActiveCfg = Debug|Any CPU
		{190AA290-6741-443B-AE53-769D84ED72E1}.Debug|x86.Build.0 = Debug|Any CPU
		{190AA290-6741-443B-AE53-769D84ED72E1}.Release|Any CPU.ActiveCfg = Release|Any CPU
		{190AA290-6741-443B-AE53-769D84ED72E1}.Release|Any CPU.Build.0 = Release|Any CPU
		{190AA290-6741-443B-AE53-769D84ED72E1}.Release|x64.ActiveCfg = Release|Any CPU
		{190AA290-6741-443B-AE53-769D84ED72E1}.Release|x64.Build.0 = Release|Any CPU
		{190AA290-6741-443B-AE53-769D84ED72E1}.Release|x86.ActiveCfg = Release|Any CPU
		{190AA290-6741-443B-AE53-769D84ED72E1}.Release|x86.Build.0 = Release|Any CPU
		{44B74CB9-6AE0-4A32-8701-1F2DD9DCA172}.Debug|Any CPU.ActiveCfg = Debug|Any CPU
		{44B74CB9-6AE0-4A32-8701-1F2DD9DCA172}.Debug|Any CPU.Build.0 = Debug|Any CPU
		{44B74CB9-6AE0-4A32-8701-1F2DD9DCA172}.Debug|x64.ActiveCfg = Debug|Any CPU
		{44B74CB9-6AE0-4A32-8701-1F2DD9DCA172}.Debug|x64.Build.0 = Debug|Any CPU
		{44B74CB9-6AE0-4A32-8701-1F2DD9DCA172}.Debug|x86.ActiveCfg = Debug|Any CPU
		{44B74CB9-6AE0-4A32-8701-1F2DD9DCA172}.Debug|x86.Build.0 = Debug|Any CPU
		{44B74CB9-6AE0-4A32-8701-1F2DD9DCA172}.Release|Any CPU.ActiveCfg = Release|Any CPU
		{44B74CB9-6AE0-4A32-8701-1F2DD9DCA172}.Release|Any CPU.Build.0 = Release|Any CPU
		{44B74CB9-6AE0-4A32-8701-1F2DD9DCA172}.Release|x64.ActiveCfg = Release|Any CPU
		{44B74CB9-6AE0-4A32-8701-1F2DD9DCA172}.Release|x64.Build.0 = Release|Any CPU
		{44B74CB9-6AE0-4A32-8701-1F2DD9DCA172}.Release|x86.ActiveCfg = Release|Any CPU
		{44B74CB9-6AE0-4A32-8701-1F2DD9DCA172}.Release|x86.Build.0 = Release|Any CPU
		{75520436-5610-418A-8237-3792A6D74416}.Debug|Any CPU.ActiveCfg = Debug|Any CPU
		{75520436-5610-418A-8237-3792A6D74416}.Debug|Any CPU.Build.0 = Debug|Any CPU
		{75520436-5610-418A-8237-3792A6D74416}.Debug|x64.ActiveCfg = Debug|Any CPU
		{75520436-5610-418A-8237-3792A6D74416}.Debug|x64.Build.0 = Debug|Any CPU
		{75520436-5610-418A-8237-3792A6D74416}.Debug|x86.ActiveCfg = Debug|Any CPU
		{75520436-5610-418A-8237-3792A6D74416}.Debug|x86.Build.0 = Debug|Any CPU
		{75520436-5610-418A-8237-3792A6D74416}.Release|Any CPU.ActiveCfg = Release|Any CPU
		{75520436-5610-418A-8237-3792A6D74416}.Release|Any CPU.Build.0 = Release|Any CPU
		{75520436-5610-418A-8237-3792A6D74416}.Release|x64.ActiveCfg = Release|Any CPU
		{75520436-5610-418A-8237-3792A6D74416}.Release|x64.Build.0 = Release|Any CPU
		{75520436-5610-418A-8237-3792A6D74416}.Release|x86.ActiveCfg = Release|Any CPU
		{75520436-5610-418A-8237-3792A6D74416}.Release|x86.Build.0 = Release|Any CPU
		{573A1CD5-7A1C-4732-BAE7-F61682462416}.Debug|Any CPU.ActiveCfg = Debug|Any CPU
		{573A1CD5-7A1C-4732-BAE7-F61682462416}.Debug|Any CPU.Build.0 = Debug|Any CPU
		{573A1CD5-7A1C-4732-BAE7-F61682462416}.Debug|x64.ActiveCfg = Debug|x64
		{573A1CD5-7A1C-4732-BAE7-F61682462416}.Debug|x64.Build.0 = Debug|x64
		{573A1CD5-7A1C-4732-BAE7-F61682462416}.Debug|x86.ActiveCfg = Debug|x86
		{573A1CD5-7A1C-4732-BAE7-F61682462416}.Debug|x86.Build.0 = Debug|x86
		{573A1CD5-7A1C-4732-BAE7-F61682462416}.Release|Any CPU.ActiveCfg = Release|x64
		{573A1CD5-7A1C-4732-BAE7-F61682462416}.Release|Any CPU.Build.0 = Release|x64
		{573A1CD5-7A1C-4732-BAE7-F61682462416}.Release|x64.ActiveCfg = Release|x64
		{573A1CD5-7A1C-4732-BAE7-F61682462416}.Release|x64.Build.0 = Release|x64
		{573A1CD5-7A1C-4732-BAE7-F61682462416}.Release|x86.ActiveCfg = Release|x86
		{573A1CD5-7A1C-4732-BAE7-F61682462416}.Release|x86.Build.0 = Release|x86
		{3CB42172-A1FF-44A6-A0E6-8D262F77F2EE}.Debug|Any CPU.ActiveCfg = Debug|Win32
		{3CB42172-A1FF-44A6-A0E6-8D262F77F2EE}.Debug|x64.ActiveCfg = Debug|x64
		{3CB42172-A1FF-44A6-A0E6-8D262F77F2EE}.Debug|x64.Build.0 = Debug|x64
		{3CB42172-A1FF-44A6-A0E6-8D262F77F2EE}.Debug|x86.ActiveCfg = Debug|Win32
		{3CB42172-A1FF-44A6-A0E6-8D262F77F2EE}.Debug|x86.Build.0 = Debug|Win32
		{3CB42172-A1FF-44A6-A0E6-8D262F77F2EE}.Release|Any CPU.ActiveCfg = Release|Win32
		{3CB42172-A1FF-44A6-A0E6-8D262F77F2EE}.Release|x64.ActiveCfg = Release|x64
		{3CB42172-A1FF-44A6-A0E6-8D262F77F2EE}.Release|x64.Build.0 = Release|x64
		{3CB42172-A1FF-44A6-A0E6-8D262F77F2EE}.Release|x86.ActiveCfg = Release|Win32
		{3CB42172-A1FF-44A6-A0E6-8D262F77F2EE}.Release|x86.Build.0 = Release|Win32
		{D2766C3B-A982-45BB-98E4-CBB44414A45A}.Debug|Any CPU.ActiveCfg = Debug|Win32
		{D2766C3B-A982-45BB-98E4-CBB44414A45A}.Debug|x64.ActiveCfg = Debug|x64
		{D2766C3B-A982-45BB-98E4-CBB44414A45A}.Debug|x64.Build.0 = Debug|x64
		{D2766C3B-A982-45BB-98E4-CBB44414A45A}.Debug|x86.ActiveCfg = Debug|Win32
		{D2766C3B-A982-45BB-98E4-CBB44414A45A}.Debug|x86.Build.0 = Debug|Win32
		{D2766C3B-A982-45BB-98E4-CBB44414A45A}.Release|Any CPU.ActiveCfg = Release|Win32
		{D2766C3B-A982-45BB-98E4-CBB44414A45A}.Release|x64.ActiveCfg = Release|x64
		{D2766C3B-A982-45BB-98E4-CBB44414A45A}.Release|x64.Build.0 = Release|x64
		{D2766C3B-A982-45BB-98E4-CBB44414A45A}.Release|x86.ActiveCfg = Release|Win32
		{D2766C3B-A982-45BB-98E4-CBB44414A45A}.Release|x86.Build.0 = Release|Win32
		{7C13F57F-F90E-4462-8359-E8E74910187A}.Debug|Any CPU.ActiveCfg = Debug|Win32
		{7C13F57F-F90E-4462-8359-E8E74910187A}.Debug|x64.ActiveCfg = Debug|x64
		{7C13F57F-F90E-4462-8359-E8E74910187A}.Debug|x64.Build.0 = Debug|x64
		{7C13F57F-F90E-4462-8359-E8E74910187A}.Debug|x86.ActiveCfg = Debug|Win32
		{7C13F57F-F90E-4462-8359-E8E74910187A}.Debug|x86.Build.0 = Debug|Win32
		{7C13F57F-F90E-4462-8359-E8E74910187A}.Release|Any CPU.ActiveCfg = Release|Win32
		{7C13F57F-F90E-4462-8359-E8E74910187A}.Release|x64.ActiveCfg = Release|x64
		{7C13F57F-F90E-4462-8359-E8E74910187A}.Release|x64.Build.0 = Release|x64
		{7C13F57F-F90E-4462-8359-E8E74910187A}.Release|x86.ActiveCfg = Release|Win32
		{7C13F57F-F90E-4462-8359-E8E74910187A}.Release|x86.Build.0 = Release|Win32
	EndGlobalSection
	GlobalSection(SolutionProperties) = preSolution
		HideSolutionNode = FALSE
	EndGlobalSection
	GlobalSection(ExtensibilityGlobals) = postSolution
		SolutionGuid = {C7E8A650-965E-4175-B03C-832FABDB4FFA}
	EndGlobalSection
EndGlobal
