
Microsoft Visual Studio Solution File, Format Version 12.00
# Visual Studio Version 17
VisualStudioVersion = 17.0.31717.71
MinimumVisualStudioVersion = 10.0.40219.1
Project("{9A19103F-16F7-4668-BE54-9A1E7A4F7556}") = "Husty.OpenCvSharp", "Lib\cs\Husty.OpenCvSharp\Husty.OpenCvSharp.csproj", "{75520436-5610-418A-8237-3792A6D74416}"
EndProject
Project("{9A19103F-16F7-4668-BE54-9A1E7A4F7556}") = "Husty.OpenCvSharp.DepthCamera", "Lib\cs\Husty.OpenCvSharp.DepthCamera\Husty.OpenCvSharp.DepthCamera.csproj", "{573A1CD5-7A1C-4732-BAE7-F61682462416}"
EndProject
Project("{2150E333-8FDC-42A3-9474-1A3956D46DE8}") = "Lib", "Lib", "{9F680441-26D5-4D15-8115-83FDC9473DE8}"
EndProject
Project("{2150E333-8FDC-42A3-9474-1A3956D46DE8}") = "Tools", "Tools", "{DE862315-F19F-49E3-9DCC-A3EC043FF422}"
EndProject
Project("{8BC9CEB8-8B4A-11D0-8D11-00A0C91BC942}") = "KalmanFilter", "Lib\cpp\KalmanFilter\KalmanFilter.vcxproj", "{3CB42172-A1FF-44A6-A0E6-8D262F77F2EE}"
EndProject
Project("{8BC9CEB8-8B4A-11D0-8D11-00A0C91BC942}") = "TcpSocket", "Lib\cpp\TcpSocket\TcpSocket.vcxproj", "{D2766C3B-A982-45BB-98E4-CBB44414A45A}"
EndProject
Project("{8BC9CEB8-8B4A-11D0-8D11-00A0C91BC942}") = "Yolo", "Lib\cpp\Yolo\Yolo.vcxproj", "{7C13F57F-F90E-4462-8359-E8E74910187A}"
EndProject
Project("{2150E333-8FDC-42A3-9474-1A3956D46DE8}") = "cs", "cs", "{B522F9B1-917C-4242-A55A-FB27F7465218}"
EndProject
Project("{2150E333-8FDC-42A3-9474-1A3956D46DE8}") = "cpp", "cpp", "{BC14639B-48A7-480E-B34C-F53AB1383602}"
EndProject
Project("{2150E333-8FDC-42A3-9474-1A3956D46DE8}") = "py", "py", "{0EE512F2-0740-4BAB-8CA3-56CBF8F022A9}"
EndProject
Project("{9A19103F-16F7-4668-BE54-9A1E7A4F7556}") = "Husty", "Lib\cs\Husty\Husty.csproj", "{D0E074D8-4014-410C-9A4E-FA400E12BD38}"
EndProject
Project("{2150E333-8FDC-42A3-9474-1A3956D46DE8}") = "Tutorial", "Tutorial", "{567343D4-CEEF-42AC-8AC8-02A6391DA059}"
EndProject
Project("{9A19103F-16F7-4668-BE54-9A1E7A4F7556}") = "Husty.Lawicel", "Lib\cs\Husty.Lawicel\Husty.Lawicel.csproj", "{BBAF31C4-5858-46A8-AD49-52C98FE73BBF}"
EndProject
Project("{9A19103F-16F7-4668-BE54-9A1E7A4F7556}") = "Husty.SkywayGateway", "Lib\cs\Husty.SkywayGateway\Husty.SkywayGateway.csproj", "{A673C38F-2971-46FC-ABB9-C9495E44629C}"
EndProject
Project("{2150E333-8FDC-42A3-9474-1A3956D46DE8}") = "network", "network", "{78F94936-F5CB-49A7-9465-E8C63A3013D5}"
	ProjectSection(SolutionItems) = preProject
		Lib\py\network\data_stream.py = Lib\py\network\data_stream.py
		Lib\py\network\skyway.py = Lib\py\network\skyway.py
		Lib\py\network\tcp_socket.py = Lib\py\network\tcp_socket.py
		Lib\py\network\udp_socket.py = Lib\py\network\udp_socket.py
	EndProjectSection
EndProject
Project("{2150E333-8FDC-42A3-9474-1A3956D46DE8}") = "dnn", "dnn", "{0F41782B-684B-4F15-BF94-14A0592E7F6C}"
	ProjectSection(SolutionItems) = preProject
		Lib\py\dnn\keras_inference.py = Lib\py\dnn\keras_inference.py
		Lib\py\dnn\nnabla_inference.py = Lib\py\dnn\nnabla_inference.py
		Lib\py\yolo\yolo_utils.py = Lib\py\yolo\yolo_utils.py
		Lib\py\yolo\yolov3v4_darknet.py = Lib\py\yolo\yolov3v4_darknet.py
		Lib\py\yolo\yolox_onnx.py = Lib\py\yolo\yolox_onnx.py
	EndProjectSection
EndProject
Project("{9A19103F-16F7-4668-BE54-9A1E7A4F7556}") = "Camera", "Tools\Camera\Camera.csproj", "{3E14D073-76C0-4D36-B4F9-72482B3FF7E3}"
EndProject
Project("{9A19103F-16F7-4668-BE54-9A1E7A4F7556}") = "CameraExtrinsicCalibrator", "Tools\CameraExtrinsicCalibrator\CameraExtrinsicCalibrator.csproj", "{F03706F6-D5BB-479C-9AE6-82691C9ABA57}"
EndProject
Project("{9A19103F-16F7-4668-BE54-9A1E7A4F7556}") = "CameraIntrinsicCalibrator", "Tools\CameraIntrinsicCalibrator\CameraIntrinsicCalibrator.csproj", "{8625A2C5-7F89-447F-A388-92A400CD3215}"
EndProject
Project("{9A19103F-16F7-4668-BE54-9A1E7A4F7556}") = "CanAnalyzer", "Tools\CanAnalyzer\CanAnalyzer.csproj", "{0F037174-7352-4733-830A-2D6B742D41F2}"
EndProject
Project("{9A19103F-16F7-4668-BE54-9A1E7A4F7556}") = "DepthCamera", "Tools\DepthCamera\DepthCamera.csproj", "{9135B793-5001-4EDD-AF03-6B7FE2DF482F}"
EndProject
Project("{9A19103F-16F7-4668-BE54-9A1E7A4F7556}") = "Yolo-Labeling", "Tools\Yolo-Labeling\Yolo-Labeling.csproj", "{4BD2E474-6ECE-4DAE-904E-BC3CA74BF98F}"
EndProject
Project("{9A19103F-16F7-4668-BE54-9A1E7A4F7556}") = "DepthCameraStartup", "Tutorial\DepthCameraStartup\DepthCameraStartup.csproj", "{BEDF6597-658D-4FB3-BFF1-A7A48CF16E05}"
EndProject
Project("{9A19103F-16F7-4668-BE54-9A1E7A4F7556}") = "HoughSingleLine", "Tutorial\HoughSingleLine\HoughSingleLine.csproj", "{1D50D304-25B5-47F6-AC6C-C9809307942C}"
EndProject
Project("{9A19103F-16F7-4668-BE54-9A1E7A4F7556}") = "PythonStdoutReader", "Tutorial\PythonStdoutReader\PythonStdoutReader.csproj", "{5BE34E40-74D7-478E-B1E0-E9BE2D8E3DB7}"
EndProject
Project("{9A19103F-16F7-4668-BE54-9A1E7A4F7556}") = "SerialPortReader", "Tutorial\SerialPortReader\SerialPortReader.csproj", "{209ED6A7-DED3-4206-A6E0-04E3A63CAA55}"
EndProject
Project("{9A19103F-16F7-4668-BE54-9A1E7A4F7556}") = "SkywayDataConnection", "Tutorial\SkywayDataConnection\SkywayDataConnection.csproj", "{AE8EA4C9-3F58-40EB-90A9-6ECF48E7B2D6}"
EndProject
Project("{9A19103F-16F7-4668-BE54-9A1E7A4F7556}") = "SocketClient", "Tutorial\SocketClient\SocketClient.csproj", "{10080144-8D6B-4B05-BAD4-02DF6FF154B1}"
EndProject
Project("{9A19103F-16F7-4668-BE54-9A1E7A4F7556}") = "SocketServer", "Tutorial\SocketServer\SocketServer.csproj", "{E643EE7F-D232-448A-8FA5-429D57F51685}"
EndProject
Project("{9A19103F-16F7-4668-BE54-9A1E7A4F7556}") = "Tracker", "Tutorial\Tracker\Tracker.csproj", "{9968F44D-54D0-4772-B7C9-151CED89C28F}"
EndProject
Project("{9A19103F-16F7-4668-BE54-9A1E7A4F7556}") = "Video", "Tutorial\Video\Video.csproj", "{6BB0877D-928C-4EC9-85EC-08CEA7E46A91}"
EndProject
Project("{9A19103F-16F7-4668-BE54-9A1E7A4F7556}") = "Yolo", "Tutorial\Yolo\Yolo.csproj", "{B93F3A6F-2A85-40E2-809E-4A0925F745BE}"
EndProject
Project("{9A19103F-16F7-4668-BE54-9A1E7A4F7556}") = "DataArranger", "Tools\DataArranger\DataArranger.csproj", "{4085CD5F-8533-41F0-9609-C810F7ADB69B}"
EndProject
Global
	GlobalSection(SolutionConfigurationPlatforms) = preSolution
		Debug|Any CPU = Debug|Any CPU
		Debug|x64 = Debug|x64
		Debug|x86 = Debug|x86
		Release|Any CPU = Release|Any CPU
		Release|x64 = Release|x64
		Release|x86 = Release|x86
	EndGlobalSection
	GlobalSection(ProjectConfigurationPlatforms) = postSolution
		{75520436-5610-418A-8237-3792A6D74416}.Debug|Any CPU.ActiveCfg = Debug|Any CPU
		{75520436-5610-418A-8237-3792A6D74416}.Debug|Any CPU.Build.0 = Debug|Any CPU
		{75520436-5610-418A-8237-3792A6D74416}.Debug|x64.ActiveCfg = Debug|Any CPU
		{75520436-5610-418A-8237-3792A6D74416}.Debug|x64.Build.0 = Debug|Any CPU
		{75520436-5610-418A-8237-3792A6D74416}.Debug|x86.ActiveCfg = Debug|Any CPU
		{75520436-5610-418A-8237-3792A6D74416}.Debug|x86.Build.0 = Debug|Any CPU
		{75520436-5610-418A-8237-3792A6D74416}.Release|Any CPU.ActiveCfg = Release|Any CPU
		{75520436-5610-418A-8237-3792A6D74416}.Release|Any CPU.Build.0 = Release|Any CPU
		{75520436-5610-418A-8237-3792A6D74416}.Release|x64.ActiveCfg = Release|Any CPU
		{75520436-5610-418A-8237-3792A6D74416}.Release|x64.Build.0 = Release|Any CPU
		{75520436-5610-418A-8237-3792A6D74416}.Release|x86.ActiveCfg = Release|Any CPU
		{75520436-5610-418A-8237-3792A6D74416}.Release|x86.Build.0 = Release|Any CPU
		{573A1CD5-7A1C-4732-BAE7-F61682462416}.Debug|Any CPU.ActiveCfg = Debug|x64
		{573A1CD5-7A1C-4732-BAE7-F61682462416}.Debug|Any CPU.Build.0 = Debug|x64
		{573A1CD5-7A1C-4732-BAE7-F61682462416}.Debug|x64.ActiveCfg = Debug|x64
		{573A1CD5-7A1C-4732-BAE7-F61682462416}.Debug|x64.Build.0 = Debug|x64
		{573A1CD5-7A1C-4732-BAE7-F61682462416}.Debug|x86.ActiveCfg = Debug|x86
		{573A1CD5-7A1C-4732-BAE7-F61682462416}.Debug|x86.Build.0 = Debug|x86
		{573A1CD5-7A1C-4732-BAE7-F61682462416}.Release|Any CPU.ActiveCfg = Release|x64
		{573A1CD5-7A1C-4732-BAE7-F61682462416}.Release|Any CPU.Build.0 = Release|x64
		{573A1CD5-7A1C-4732-BAE7-F61682462416}.Release|x64.ActiveCfg = Release|x64
		{573A1CD5-7A1C-4732-BAE7-F61682462416}.Release|x64.Build.0 = Release|x64
		{573A1CD5-7A1C-4732-BAE7-F61682462416}.Release|x86.ActiveCfg = Release|x86
		{573A1CD5-7A1C-4732-BAE7-F61682462416}.Release|x86.Build.0 = Release|x86
		{3CB42172-A1FF-44A6-A0E6-8D262F77F2EE}.Debug|Any CPU.ActiveCfg = Debug|x64
		{3CB42172-A1FF-44A6-A0E6-8D262F77F2EE}.Debug|Any CPU.Build.0 = Debug|x64
		{3CB42172-A1FF-44A6-A0E6-8D262F77F2EE}.Debug|x64.ActiveCfg = Debug|x64
		{3CB42172-A1FF-44A6-A0E6-8D262F77F2EE}.Debug|x64.Build.0 = Debug|x64
		{3CB42172-A1FF-44A6-A0E6-8D262F77F2EE}.Debug|x86.ActiveCfg = Debug|Win32
		{3CB42172-A1FF-44A6-A0E6-8D262F77F2EE}.Debug|x86.Build.0 = Debug|Win32
		{3CB42172-A1FF-44A6-A0E6-8D262F77F2EE}.Release|Any CPU.ActiveCfg = Release|x64
		{3CB42172-A1FF-44A6-A0E6-8D262F77F2EE}.Release|Any CPU.Build.0 = Release|x64
		{3CB42172-A1FF-44A6-A0E6-8D262F77F2EE}.Release|x64.ActiveCfg = Release|x64
		{3CB42172-A1FF-44A6-A0E6-8D262F77F2EE}.Release|x64.Build.0 = Release|x64
		{3CB42172-A1FF-44A6-A0E6-8D262F77F2EE}.Release|x86.ActiveCfg = Release|Win32
		{3CB42172-A1FF-44A6-A0E6-8D262F77F2EE}.Release|x86.Build.0 = Release|Win32
		{D2766C3B-A982-45BB-98E4-CBB44414A45A}.Debug|Any CPU.ActiveCfg = Debug|x64
		{D2766C3B-A982-45BB-98E4-CBB44414A45A}.Debug|Any CPU.Build.0 = Debug|x64
		{D2766C3B-A982-45BB-98E4-CBB44414A45A}.Debug|x64.ActiveCfg = Debug|x64
		{D2766C3B-A982-45BB-98E4-CBB44414A45A}.Debug|x64.Build.0 = Debug|x64
		{D2766C3B-A982-45BB-98E4-CBB44414A45A}.Debug|x86.ActiveCfg = Debug|Win32
		{D2766C3B-A982-45BB-98E4-CBB44414A45A}.Debug|x86.Build.0 = Debug|Win32
		{D2766C3B-A982-45BB-98E4-CBB44414A45A}.Release|Any CPU.ActiveCfg = Release|x64
		{D2766C3B-A982-45BB-98E4-CBB44414A45A}.Release|Any CPU.Build.0 = Release|x64
		{D2766C3B-A982-45BB-98E4-CBB44414A45A}.Release|x64.ActiveCfg = Release|x64
		{D2766C3B-A982-45BB-98E4-CBB44414A45A}.Release|x64.Build.0 = Release|x64
		{D2766C3B-A982-45BB-98E4-CBB44414A45A}.Release|x86.ActiveCfg = Release|Win32
		{D2766C3B-A982-45BB-98E4-CBB44414A45A}.Release|x86.Build.0 = Release|Win32
		{7C13F57F-F90E-4462-8359-E8E74910187A}.Debug|Any CPU.ActiveCfg = Debug|x64
		{7C13F57F-F90E-4462-8359-E8E74910187A}.Debug|Any CPU.Build.0 = Debug|x64
		{7C13F57F-F90E-4462-8359-E8E74910187A}.Debug|x64.ActiveCfg = Debug|x64
		{7C13F57F-F90E-4462-8359-E8E74910187A}.Debug|x64.Build.0 = Debug|x64
		{7C13F57F-F90E-4462-8359-E8E74910187A}.Debug|x86.ActiveCfg = Debug|Win32
		{7C13F57F-F90E-4462-8359-E8E74910187A}.Debug|x86.Build.0 = Debug|Win32
		{7C13F57F-F90E-4462-8359-E8E74910187A}.Release|Any CPU.ActiveCfg = Release|x64
		{7C13F57F-F90E-4462-8359-E8E74910187A}.Release|Any CPU.Build.0 = Release|x64
		{7C13F57F-F90E-4462-8359-E8E74910187A}.Release|x64.ActiveCfg = Release|x64
		{7C13F57F-F90E-4462-8359-E8E74910187A}.Release|x64.Build.0 = Release|x64
		{7C13F57F-F90E-4462-8359-E8E74910187A}.Release|x86.ActiveCfg = Release|Win32
		{7C13F57F-F90E-4462-8359-E8E74910187A}.Release|x86.Build.0 = Release|Win32
		{D0E074D8-4014-410C-9A4E-FA400E12BD38}.Debug|Any CPU.ActiveCfg = Debug|Any CPU
		{D0E074D8-4014-410C-9A4E-FA400E12BD38}.Debug|Any CPU.Build.0 = Debug|Any CPU
		{D0E074D8-4014-410C-9A4E-FA400E12BD38}.Debug|x64.ActiveCfg = Debug|Any CPU
		{D0E074D8-4014-410C-9A4E-FA400E12BD38}.Debug|x64.Build.0 = Debug|Any CPU
		{D0E074D8-4014-410C-9A4E-FA400E12BD38}.Debug|x86.ActiveCfg = Debug|Any CPU
		{D0E074D8-4014-410C-9A4E-FA400E12BD38}.Debug|x86.Build.0 = Debug|Any CPU
		{D0E074D8-4014-410C-9A4E-FA400E12BD38}.Release|Any CPU.ActiveCfg = Release|Any CPU
		{D0E074D8-4014-410C-9A4E-FA400E12BD38}.Release|Any CPU.Build.0 = Release|Any CPU
		{D0E074D8-4014-410C-9A4E-FA400E12BD38}.Release|x64.ActiveCfg = Release|Any CPU
		{D0E074D8-4014-410C-9A4E-FA400E12BD38}.Release|x64.Build.0 = Release|Any CPU
		{D0E074D8-4014-410C-9A4E-FA400E12BD38}.Release|x86.ActiveCfg = Release|Any CPU
		{D0E074D8-4014-410C-9A4E-FA400E12BD38}.Release|x86.Build.0 = Release|Any CPU
		{BBAF31C4-5858-46A8-AD49-52C98FE73BBF}.Debug|Any CPU.ActiveCfg = Debug|Any CPU
		{BBAF31C4-5858-46A8-AD49-52C98FE73BBF}.Debug|Any CPU.Build.0 = Debug|Any CPU
		{BBAF31C4-5858-46A8-AD49-52C98FE73BBF}.Debug|x64.ActiveCfg = Debug|Any CPU
		{BBAF31C4-5858-46A8-AD49-52C98FE73BBF}.Debug|x64.Build.0 = Debug|Any CPU
		{BBAF31C4-5858-46A8-AD49-52C98FE73BBF}.Debug|x86.ActiveCfg = Debug|Any CPU
		{BBAF31C4-5858-46A8-AD49-52C98FE73BBF}.Debug|x86.Build.0 = Debug|Any CPU
		{BBAF31C4-5858-46A8-AD49-52C98FE73BBF}.Release|Any CPU.ActiveCfg = Release|Any CPU
		{BBAF31C4-5858-46A8-AD49-52C98FE73BBF}.Release|Any CPU.Build.0 = Release|Any CPU
		{BBAF31C4-5858-46A8-AD49-52C98FE73BBF}.Release|x64.ActiveCfg = Release|Any CPU
		{BBAF31C4-5858-46A8-AD49-52C98FE73BBF}.Release|x64.Build.0 = Release|Any CPU
		{BBAF31C4-5858-46A8-AD49-52C98FE73BBF}.Release|x86.ActiveCfg = Release|Any CPU
		{BBAF31C4-5858-46A8-AD49-52C98FE73BBF}.Release|x86.Build.0 = Release|Any CPU
		{A673C38F-2971-46FC-ABB9-C9495E44629C}.Debug|Any CPU.ActiveCfg = Debug|Any CPU
		{A673C38F-2971-46FC-ABB9-C9495E44629C}.Debug|Any CPU.Build.0 = Debug|Any CPU
		{A673C38F-2971-46FC-ABB9-C9495E44629C}.Debug|x64.ActiveCfg = Debug|Any CPU
		{A673C38F-2971-46FC-ABB9-C9495E44629C}.Debug|x64.Build.0 = Debug|Any CPU
		{A673C38F-2971-46FC-ABB9-C9495E44629C}.Debug|x86.ActiveCfg = Debug|Any CPU
		{A673C38F-2971-46FC-ABB9-C9495E44629C}.Debug|x86.Build.0 = Debug|Any CPU
		{A673C38F-2971-46FC-ABB9-C9495E44629C}.Release|Any CPU.ActiveCfg = Release|Any CPU
		{A673C38F-2971-46FC-ABB9-C9495E44629C}.Release|Any CPU.Build.0 = Release|Any CPU
		{A673C38F-2971-46FC-ABB9-C9495E44629C}.Release|x64.ActiveCfg = Release|Any CPU
		{A673C38F-2971-46FC-ABB9-C9495E44629C}.Release|x64.Build.0 = Release|Any CPU
		{A673C38F-2971-46FC-ABB9-C9495E44629C}.Release|x86.ActiveCfg = Release|Any CPU
		{A673C38F-2971-46FC-ABB9-C9495E44629C}.Release|x86.Build.0 = Release|Any CPU
		{3E14D073-76C0-4D36-B4F9-72482B3FF7E3}.Debug|Any CPU.ActiveCfg = Debug|Any CPU
		{3E14D073-76C0-4D36-B4F9-72482B3FF7E3}.Debug|Any CPU.Build.0 = Debug|Any CPU
		{3E14D073-76C0-4D36-B4F9-72482B3FF7E3}.Debug|x64.ActiveCfg = Debug|Any CPU
		{3E14D073-76C0-4D36-B4F9-72482B3FF7E3}.Debug|x64.Build.0 = Debug|Any CPU
		{3E14D073-76C0-4D36-B4F9-72482B3FF7E3}.Debug|x86.ActiveCfg = Debug|Any CPU
		{3E14D073-76C0-4D36-B4F9-72482B3FF7E3}.Debug|x86.Build.0 = Debug|Any CPU
		{3E14D073-76C0-4D36-B4F9-72482B3FF7E3}.Release|Any CPU.ActiveCfg = Release|Any CPU
		{3E14D073-76C0-4D36-B4F9-72482B3FF7E3}.Release|Any CPU.Build.0 = Release|Any CPU
		{3E14D073-76C0-4D36-B4F9-72482B3FF7E3}.Release|x64.ActiveCfg = Release|Any CPU
		{3E14D073-76C0-4D36-B4F9-72482B3FF7E3}.Release|x64.Build.0 = Release|Any CPU
		{3E14D073-76C0-4D36-B4F9-72482B3FF7E3}.Release|x86.ActiveCfg = Release|Any CPU
		{3E14D073-76C0-4D36-B4F9-72482B3FF7E3}.Release|x86.Build.0 = Release|Any CPU
		{F03706F6-D5BB-479C-9AE6-82691C9ABA57}.Debug|Any CPU.ActiveCfg = Debug|Any CPU
		{F03706F6-D5BB-479C-9AE6-82691C9ABA57}.Debug|Any CPU.Build.0 = Debug|Any CPU
		{F03706F6-D5BB-479C-9AE6-82691C9ABA57}.Debug|x64.ActiveCfg = Debug|Any CPU
		{F03706F6-D5BB-479C-9AE6-82691C9ABA57}.Debug|x64.Build.0 = Debug|Any CPU
		{F03706F6-D5BB-479C-9AE6-82691C9ABA57}.Debug|x86.ActiveCfg = Debug|Any CPU
		{F03706F6-D5BB-479C-9AE6-82691C9ABA57}.Debug|x86.Build.0 = Debug|Any CPU
		{F03706F6-D5BB-479C-9AE6-82691C9ABA57}.Release|Any CPU.ActiveCfg = Release|Any CPU
		{F03706F6-D5BB-479C-9AE6-82691C9ABA57}.Release|Any CPU.Build.0 = Release|Any CPU
		{F03706F6-D5BB-479C-9AE6-82691C9ABA57}.Release|x64.ActiveCfg = Release|Any CPU
		{F03706F6-D5BB-479C-9AE6-82691C9ABA57}.Release|x64.Build.0 = Release|Any CPU
		{F03706F6-D5BB-479C-9AE6-82691C9ABA57}.Release|x86.ActiveCfg = Release|Any CPU
		{F03706F6-D5BB-479C-9AE6-82691C9ABA57}.Release|x86.Build.0 = Release|Any CPU
		{8625A2C5-7F89-447F-A388-92A400CD3215}.Debug|Any CPU.ActiveCfg = Debug|Any CPU
		{8625A2C5-7F89-447F-A388-92A400CD3215}.Debug|Any CPU.Build.0 = Debug|Any CPU
		{8625A2C5-7F89-447F-A388-92A400CD3215}.Debug|x64.ActiveCfg = Debug|Any CPU
		{8625A2C5-7F89-447F-A388-92A400CD3215}.Debug|x64.Build.0 = Debug|Any CPU
		{8625A2C5-7F89-447F-A388-92A400CD3215}.Debug|x86.ActiveCfg = Debug|Any CPU
		{8625A2C5-7F89-447F-A388-92A400CD3215}.Debug|x86.Build.0 = Debug|Any CPU
		{8625A2C5-7F89-447F-A388-92A400CD3215}.Release|Any CPU.ActiveCfg = Release|Any CPU
		{8625A2C5-7F89-447F-A388-92A400CD3215}.Release|Any CPU.Build.0 = Release|Any CPU
		{8625A2C5-7F89-447F-A388-92A400CD3215}.Release|x64.ActiveCfg = Release|Any CPU
		{8625A2C5-7F89-447F-A388-92A400CD3215}.Release|x64.Build.0 = Release|Any CPU
		{8625A2C5-7F89-447F-A388-92A400CD3215}.Release|x86.ActiveCfg = Release|Any CPU
		{8625A2C5-7F89-447F-A388-92A400CD3215}.Release|x86.Build.0 = Release|Any CPU
		{0F037174-7352-4733-830A-2D6B742D41F2}.Debug|Any CPU.ActiveCfg = Debug|Any CPU
		{0F037174-7352-4733-830A-2D6B742D41F2}.Debug|Any CPU.Build.0 = Debug|Any CPU
		{0F037174-7352-4733-830A-2D6B742D41F2}.Debug|x64.ActiveCfg = Debug|Any CPU
		{0F037174-7352-4733-830A-2D6B742D41F2}.Debug|x64.Build.0 = Debug|Any CPU
		{0F037174-7352-4733-830A-2D6B742D41F2}.Debug|x86.ActiveCfg = Debug|Any CPU
		{0F037174-7352-4733-830A-2D6B742D41F2}.Debug|x86.Build.0 = Debug|Any CPU
		{0F037174-7352-4733-830A-2D6B742D41F2}.Release|Any CPU.ActiveCfg = Release|Any CPU
		{0F037174-7352-4733-830A-2D6B742D41F2}.Release|Any CPU.Build.0 = Release|Any CPU
		{0F037174-7352-4733-830A-2D6B742D41F2}.Release|x64.ActiveCfg = Release|Any CPU
		{0F037174-7352-4733-830A-2D6B742D41F2}.Release|x64.Build.0 = Release|Any CPU
		{0F037174-7352-4733-830A-2D6B742D41F2}.Release|x86.ActiveCfg = Release|Any CPU
		{0F037174-7352-4733-830A-2D6B742D41F2}.Release|x86.Build.0 = Release|Any CPU
		{9135B793-5001-4EDD-AF03-6B7FE2DF482F}.Debug|Any CPU.ActiveCfg = Debug|Any CPU
		{9135B793-5001-4EDD-AF03-6B7FE2DF482F}.Debug|Any CPU.Build.0 = Debug|Any CPU
		{9135B793-5001-4EDD-AF03-6B7FE2DF482F}.Debug|x64.ActiveCfg = Debug|x64
		{9135B793-5001-4EDD-AF03-6B7FE2DF482F}.Debug|x64.Build.0 = Debug|x64
		{9135B793-5001-4EDD-AF03-6B7FE2DF482F}.Debug|x86.ActiveCfg = Debug|Any CPU
		{9135B793-5001-4EDD-AF03-6B7FE2DF482F}.Debug|x86.Build.0 = Debug|Any CPU
		{9135B793-5001-4EDD-AF03-6B7FE2DF482F}.Release|Any CPU.ActiveCfg = Release|Any CPU
		{9135B793-5001-4EDD-AF03-6B7FE2DF482F}.Release|Any CPU.Build.0 = Release|Any CPU
		{9135B793-5001-4EDD-AF03-6B7FE2DF482F}.Release|x64.ActiveCfg = Release|x64
		{9135B793-5001-4EDD-AF03-6B7FE2DF482F}.Release|x64.Build.0 = Release|x64
		{9135B793-5001-4EDD-AF03-6B7FE2DF482F}.Release|x86.ActiveCfg = Release|Any CPU
		{9135B793-5001-4EDD-AF03-6B7FE2DF482F}.Release|x86.Build.0 = Release|Any CPU
		{4BD2E474-6ECE-4DAE-904E-BC3CA74BF98F}.Debug|Any CPU.ActiveCfg = Debug|Any CPU
		{4BD2E474-6ECE-4DAE-904E-BC3CA74BF98F}.Debug|Any CPU.Build.0 = Debug|Any CPU
		{4BD2E474-6ECE-4DAE-904E-BC3CA74BF98F}.Debug|x64.ActiveCfg = Debug|Any CPU
		{4BD2E474-6ECE-4DAE-904E-BC3CA74BF98F}.Debug|x64.Build.0 = Debug|Any CPU
		{4BD2E474-6ECE-4DAE-904E-BC3CA74BF98F}.Debug|x86.ActiveCfg = Debug|Any CPU
		{4BD2E474-6ECE-4DAE-904E-BC3CA74BF98F}.Debug|x86.Build.0 = Debug|Any CPU
		{4BD2E474-6ECE-4DAE-904E-BC3CA74BF98F}.Release|Any CPU.ActiveCfg = Release|Any CPU
		{4BD2E474-6ECE-4DAE-904E-BC3CA74BF98F}.Release|Any CPU.Build.0 = Release|Any CPU
		{4BD2E474-6ECE-4DAE-904E-BC3CA74BF98F}.Release|x64.ActiveCfg = Release|Any CPU
		{4BD2E474-6ECE-4DAE-904E-BC3CA74BF98F}.Release|x64.Build.0 = Release|Any CPU
		{4BD2E474-6ECE-4DAE-904E-BC3CA74BF98F}.Release|x86.ActiveCfg = Release|Any CPU
		{4BD2E474-6ECE-4DAE-904E-BC3CA74BF98F}.Release|x86.Build.0 = Release|Any CPU
		{BEDF6597-658D-4FB3-BFF1-A7A48CF16E05}.Debug|Any CPU.ActiveCfg = Debug|Any CPU
		{BEDF6597-658D-4FB3-BFF1-A7A48CF16E05}.Debug|Any CPU.Build.0 = Debug|Any CPU
		{BEDF6597-658D-4FB3-BFF1-A7A48CF16E05}.Debug|x64.ActiveCfg = Debug|Any CPU
		{BEDF6597-658D-4FB3-BFF1-A7A48CF16E05}.Debug|x64.Build.0 = Debug|Any CPU
		{BEDF6597-658D-4FB3-BFF1-A7A48CF16E05}.Debug|x86.ActiveCfg = Debug|Any CPU
		{BEDF6597-658D-4FB3-BFF1-A7A48CF16E05}.Debug|x86.Build.0 = Debug|Any CPU
		{BEDF6597-658D-4FB3-BFF1-A7A48CF16E05}.Release|Any CPU.ActiveCfg = Release|Any CPU
		{BEDF6597-658D-4FB3-BFF1-A7A48CF16E05}.Release|Any CPU.Build.0 = Release|Any CPU
		{BEDF6597-658D-4FB3-BFF1-A7A48CF16E05}.Release|x64.ActiveCfg = Release|Any CPU
		{BEDF6597-658D-4FB3-BFF1-A7A48CF16E05}.Release|x64.Build.0 = Release|Any CPU
		{BEDF6597-658D-4FB3-BFF1-A7A48CF16E05}.Release|x86.ActiveCfg = Release|Any CPU
		{BEDF6597-658D-4FB3-BFF1-A7A48CF16E05}.Release|x86.Build.0 = Release|Any CPU
		{1D50D304-25B5-47F6-AC6C-C9809307942C}.Debug|Any CPU.ActiveCfg = Debug|Any CPU
		{1D50D304-25B5-47F6-AC6C-C9809307942C}.Debug|Any CPU.Build.0 = Debug|Any CPU
		{1D50D304-25B5-47F6-AC6C-C9809307942C}.Debug|x64.ActiveCfg = Debug|Any CPU
		{1D50D304-25B5-47F6-AC6C-C9809307942C}.Debug|x64.Build.0 = Debug|Any CPU
		{1D50D304-25B5-47F6-AC6C-C9809307942C}.Debug|x86.ActiveCfg = Debug|Any CPU
		{1D50D304-25B5-47F6-AC6C-C9809307942C}.Debug|x86.Build.0 = Debug|Any CPU
		{1D50D304-25B5-47F6-AC6C-C9809307942C}.Release|Any CPU.ActiveCfg = Release|Any CPU
		{1D50D304-25B5-47F6-AC6C-C9809307942C}.Release|Any CPU.Build.0 = Release|Any CPU
		{1D50D304-25B5-47F6-AC6C-C9809307942C}.Release|x64.ActiveCfg = Release|Any CPU
		{1D50D304-25B5-47F6-AC6C-C9809307942C}.Release|x64.Build.0 = Release|Any CPU
		{1D50D304-25B5-47F6-AC6C-C9809307942C}.Release|x86.ActiveCfg = Release|Any CPU
		{1D50D304-25B5-47F6-AC6C-C9809307942C}.Release|x86.Build.0 = Release|Any CPU
		{5BE34E40-74D7-478E-B1E0-E9BE2D8E3DB7}.Debug|Any CPU.ActiveCfg = Debug|Any CPU
		{5BE34E40-74D7-478E-B1E0-E9BE2D8E3DB7}.Debug|Any CPU.Build.0 = Debug|Any CPU
		{5BE34E40-74D7-478E-B1E0-E9BE2D8E3DB7}.Debug|x64.ActiveCfg = Debug|Any CPU
		{5BE34E40-74D7-478E-B1E0-E9BE2D8E3DB7}.Debug|x64.Build.0 = Debug|Any CPU
		{5BE34E40-74D7-478E-B1E0-E9BE2D8E3DB7}.Debug|x86.ActiveCfg = Debug|Any CPU
		{5BE34E40-74D7-478E-B1E0-E9BE2D8E3DB7}.Debug|x86.Build.0 = Debug|Any CPU
		{5BE34E40-74D7-478E-B1E0-E9BE2D8E3DB7}.Release|Any CPU.ActiveCfg = Release|Any CPU
		{5BE34E40-74D7-478E-B1E0-E9BE2D8E3DB7}.Release|Any CPU.Build.0 = Release|Any CPU
		{5BE34E40-74D7-478E-B1E0-E9BE2D8E3DB7}.Release|x64.ActiveCfg = Release|Any CPU
		{5BE34E40-74D7-478E-B1E0-E9BE2D8E3DB7}.Release|x64.Build.0 = Release|Any CPU
		{5BE34E40-74D7-478E-B1E0-E9BE2D8E3DB7}.Release|x86.ActiveCfg = Release|Any CPU
		{5BE34E40-74D7-478E-B1E0-E9BE2D8E3DB7}.Release|x86.Build.0 = Release|Any CPU
		{209ED6A7-DED3-4206-A6E0-04E3A63CAA55}.Debug|Any CPU.ActiveCfg = Debug|Any CPU
		{209ED6A7-DED3-4206-A6E0-04E3A63CAA55}.Debug|Any CPU.Build.0 = Debug|Any CPU
		{209ED6A7-DED3-4206-A6E0-04E3A63CAA55}.Debug|x64.ActiveCfg = Debug|Any CPU
		{209ED6A7-DED3-4206-A6E0-04E3A63CAA55}.Debug|x64.Build.0 = Debug|Any CPU
		{209ED6A7-DED3-4206-A6E0-04E3A63CAA55}.Debug|x86.ActiveCfg = Debug|Any CPU
		{209ED6A7-DED3-4206-A6E0-04E3A63CAA55}.Debug|x86.Build.0 = Debug|Any CPU
		{209ED6A7-DED3-4206-A6E0-04E3A63CAA55}.Release|Any CPU.ActiveCfg = Release|Any CPU
		{209ED6A7-DED3-4206-A6E0-04E3A63CAA55}.Release|Any CPU.Build.0 = Release|Any CPU
		{209ED6A7-DED3-4206-A6E0-04E3A63CAA55}.Release|x64.ActiveCfg = Release|Any CPU
		{209ED6A7-DED3-4206-A6E0-04E3A63CAA55}.Release|x64.Build.0 = Release|Any CPU
		{209ED6A7-DED3-4206-A6E0-04E3A63CAA55}.Release|x86.ActiveCfg = Release|Any CPU
		{209ED6A7-DED3-4206-A6E0-04E3A63CAA55}.Release|x86.Build.0 = Release|Any CPU
		{AE8EA4C9-3F58-40EB-90A9-6ECF48E7B2D6}.Debug|Any CPU.ActiveCfg = Debug|Any CPU
		{AE8EA4C9-3F58-40EB-90A9-6ECF48E7B2D6}.Debug|Any CPU.Build.0 = Debug|Any CPU
		{AE8EA4C9-3F58-40EB-90A9-6ECF48E7B2D6}.Debug|x64.ActiveCfg = Debug|Any CPU
		{AE8EA4C9-3F58-40EB-90A9-6ECF48E7B2D6}.Debug|x64.Build.0 = Debug|Any CPU
		{AE8EA4C9-3F58-40EB-90A9-6ECF48E7B2D6}.Debug|x86.ActiveCfg = Debug|Any CPU
		{AE8EA4C9-3F58-40EB-90A9-6ECF48E7B2D6}.Debug|x86.Build.0 = Debug|Any CPU
		{AE8EA4C9-3F58-40EB-90A9-6ECF48E7B2D6}.Release|Any CPU.ActiveCfg = Release|Any CPU
		{AE8EA4C9-3F58-40EB-90A9-6ECF48E7B2D6}.Release|Any CPU.Build.0 = Release|Any CPU
		{AE8EA4C9-3F58-40EB-90A9-6ECF48E7B2D6}.Release|x64.ActiveCfg = Release|Any CPU
		{AE8EA4C9-3F58-40EB-90A9-6ECF48E7B2D6}.Release|x64.Build.0 = Release|Any CPU
		{AE8EA4C9-3F58-40EB-90A9-6ECF48E7B2D6}.Release|x86.ActiveCfg = Release|Any CPU
		{AE8EA4C9-3F58-40EB-90A9-6ECF48E7B2D6}.Release|x86.Build.0 = Release|Any CPU
		{10080144-8D6B-4B05-BAD4-02DF6FF154B1}.Debug|Any CPU.ActiveCfg = Debug|Any CPU
		{10080144-8D6B-4B05-BAD4-02DF6FF154B1}.Debug|Any CPU.Build.0 = Debug|Any CPU
		{10080144-8D6B-4B05-BAD4-02DF6FF154B1}.Debug|x64.ActiveCfg = Debug|Any CPU
		{10080144-8D6B-4B05-BAD4-02DF6FF154B1}.Debug|x64.Build.0 = Debug|Any CPU
		{10080144-8D6B-4B05-BAD4-02DF6FF154B1}.Debug|x86.ActiveCfg = Debug|Any CPU
		{10080144-8D6B-4B05-BAD4-02DF6FF154B1}.Debug|x86.Build.0 = Debug|Any CPU
		{10080144-8D6B-4B05-BAD4-02DF6FF154B1}.Release|Any CPU.ActiveCfg = Release|Any CPU
		{10080144-8D6B-4B05-BAD4-02DF6FF154B1}.Release|Any CPU.Build.0 = Release|Any CPU
		{10080144-8D6B-4B05-BAD4-02DF6FF154B1}.Release|x64.ActiveCfg = Release|Any CPU
		{10080144-8D6B-4B05-BAD4-02DF6FF154B1}.Release|x64.Build.0 = Release|Any CPU
		{10080144-8D6B-4B05-BAD4-02DF6FF154B1}.Release|x86.ActiveCfg = Release|Any CPU
		{10080144-8D6B-4B05-BAD4-02DF6FF154B1}.Release|x86.Build.0 = Release|Any CPU
		{E643EE7F-D232-448A-8FA5-429D57F51685}.Debug|Any CPU.ActiveCfg = Debug|Any CPU
		{E643EE7F-D232-448A-8FA5-429D57F51685}.Debug|Any CPU.Build.0 = Debug|Any CPU
		{E643EE7F-D232-448A-8FA5-429D57F51685}.Debug|x64.ActiveCfg = Debug|Any CPU
		{E643EE7F-D232-448A-8FA5-429D57F51685}.Debug|x64.Build.0 = Debug|Any CPU
		{E643EE7F-D232-448A-8FA5-429D57F51685}.Debug|x86.ActiveCfg = Debug|Any CPU
		{E643EE7F-D232-448A-8FA5-429D57F51685}.Debug|x86.Build.0 = Debug|Any CPU
		{E643EE7F-D232-448A-8FA5-429D57F51685}.Release|Any CPU.ActiveCfg = Release|Any CPU
		{E643EE7F-D232-448A-8FA5-429D57F51685}.Release|Any CPU.Build.0 = Release|Any CPU
		{E643EE7F-D232-448A-8FA5-429D57F51685}.Release|x64.ActiveCfg = Release|Any CPU
		{E643EE7F-D232-448A-8FA5-429D57F51685}.Release|x64.Build.0 = Release|Any CPU
		{E643EE7F-D232-448A-8FA5-429D57F51685}.Release|x86.ActiveCfg = Release|Any CPU
		{E643EE7F-D232-448A-8FA5-429D57F51685}.Release|x86.Build.0 = Release|Any CPU
		{9968F44D-54D0-4772-B7C9-151CED89C28F}.Debug|Any CPU.ActiveCfg = Debug|Any CPU
		{9968F44D-54D0-4772-B7C9-151CED89C28F}.Debug|Any CPU.Build.0 = Debug|Any CPU
		{9968F44D-54D0-4772-B7C9-151CED89C28F}.Debug|x64.ActiveCfg = Debug|Any CPU
		{9968F44D-54D0-4772-B7C9-151CED89C28F}.Debug|x64.Build.0 = Debug|Any CPU
		{9968F44D-54D0-4772-B7C9-151CED89C28F}.Debug|x86.ActiveCfg = Debug|Any CPU
		{9968F44D-54D0-4772-B7C9-151CED89C28F}.Debug|x86.Build.0 = Debug|Any CPU
		{9968F44D-54D0-4772-B7C9-151CED89C28F}.Release|Any CPU.ActiveCfg = Release|Any CPU
		{9968F44D-54D0-4772-B7C9-151CED89C28F}.Release|Any CPU.Build.0 = Release|Any CPU
		{9968F44D-54D0-4772-B7C9-151CED89C28F}.Release|x64.ActiveCfg = Release|Any CPU
		{9968F44D-54D0-4772-B7C9-151CED89C28F}.Release|x64.Build.0 = Release|Any CPU
		{9968F44D-54D0-4772-B7C9-151CED89C28F}.Release|x86.ActiveCfg = Release|Any CPU
		{9968F44D-54D0-4772-B7C9-151CED89C28F}.Release|x86.Build.0 = Release|Any CPU
		{6BB0877D-928C-4EC9-85EC-08CEA7E46A91}.Debug|Any CPU.ActiveCfg = Debug|Any CPU
		{6BB0877D-928C-4EC9-85EC-08CEA7E46A91}.Debug|Any CPU.Build.0 = Debug|Any CPU
		{6BB0877D-928C-4EC9-85EC-08CEA7E46A91}.Debug|x64.ActiveCfg = Debug|Any CPU
		{6BB0877D-928C-4EC9-85EC-08CEA7E46A91}.Debug|x64.Build.0 = Debug|Any CPU
		{6BB0877D-928C-4EC9-85EC-08CEA7E46A91}.Debug|x86.ActiveCfg = Debug|Any CPU
		{6BB0877D-928C-4EC9-85EC-08CEA7E46A91}.Debug|x86.Build.0 = Debug|Any CPU
		{6BB0877D-928C-4EC9-85EC-08CEA7E46A91}.Release|Any CPU.ActiveCfg = Release|Any CPU
		{6BB0877D-928C-4EC9-85EC-08CEA7E46A91}.Release|Any CPU.Build.0 = Release|Any CPU
		{6BB0877D-928C-4EC9-85EC-08CEA7E46A91}.Release|x64.ActiveCfg = Release|Any CPU
		{6BB0877D-928C-4EC9-85EC-08CEA7E46A91}.Release|x64.Build.0 = Release|Any CPU
		{6BB0877D-928C-4EC9-85EC-08CEA7E46A91}.Release|x86.ActiveCfg = Release|Any CPU
		{6BB0877D-928C-4EC9-85EC-08CEA7E46A91}.Release|x86.Build.0 = Release|Any CPU
		{B93F3A6F-2A85-40E2-809E-4A0925F745BE}.Debug|Any CPU.ActiveCfg = Debug|Any CPU
		{B93F3A6F-2A85-40E2-809E-4A0925F745BE}.Debug|Any CPU.Build.0 = Debug|Any CPU
		{B93F3A6F-2A85-40E2-809E-4A0925F745BE}.Debug|x64.ActiveCfg = Debug|Any CPU
		{B93F3A6F-2A85-40E2-809E-4A0925F745BE}.Debug|x64.Build.0 = Debug|Any CPU
		{B93F3A6F-2A85-40E2-809E-4A0925F745BE}.Debug|x86.ActiveCfg = Debug|Any CPU
		{B93F3A6F-2A85-40E2-809E-4A0925F745BE}.Debug|x86.Build.0 = Debug|Any CPU
		{B93F3A6F-2A85-40E2-809E-4A0925F745BE}.Release|Any CPU.ActiveCfg = Release|Any CPU
		{B93F3A6F-2A85-40E2-809E-4A0925F745BE}.Release|Any CPU.Build.0 = Release|Any CPU
		{B93F3A6F-2A85-40E2-809E-4A0925F745BE}.Release|x64.ActiveCfg = Release|Any CPU
		{B93F3A6F-2A85-40E2-809E-4A0925F745BE}.Release|x64.Build.0 = Release|Any CPU
		{B93F3A6F-2A85-40E2-809E-4A0925F745BE}.Release|x86.ActiveCfg = Release|Any CPU
		{B93F3A6F-2A85-40E2-809E-4A0925F745BE}.Release|x86.Build.0 = Release|Any CPU
		{4085CD5F-8533-41F0-9609-C810F7ADB69B}.Debug|Any CPU.ActiveCfg = Debug|Any CPU
		{4085CD5F-8533-41F0-9609-C810F7ADB69B}.Debug|Any CPU.Build.0 = Debug|Any CPU
		{4085CD5F-8533-41F0-9609-C810F7ADB69B}.Debug|x64.ActiveCfg = Debug|Any CPU
		{4085CD5F-8533-41F0-9609-C810F7ADB69B}.Debug|x64.Build.0 = Debug|Any CPU
		{4085CD5F-8533-41F0-9609-C810F7ADB69B}.Debug|x86.ActiveCfg = Debug|Any CPU
		{4085CD5F-8533-41F0-9609-C810F7ADB69B}.Debug|x86.Build.0 = Debug|Any CPU
		{4085CD5F-8533-41F0-9609-C810F7ADB69B}.Release|Any CPU.ActiveCfg = Release|Any CPU
		{4085CD5F-8533-41F0-9609-C810F7ADB69B}.Release|Any CPU.Build.0 = Release|Any CPU
		{4085CD5F-8533-41F0-9609-C810F7ADB69B}.Release|x64.ActiveCfg = Release|Any CPU
		{4085CD5F-8533-41F0-9609-C810F7ADB69B}.Release|x64.Build.0 = Release|Any CPU
		{4085CD5F-8533-41F0-9609-C810F7ADB69B}.Release|x86.ActiveCfg = Release|Any CPU
		{4085CD5F-8533-41F0-9609-C810F7ADB69B}.Release|x86.Build.0 = Release|Any CPU
	EndGlobalSection
	GlobalSection(SolutionProperties) = preSolution
		HideSolutionNode = FALSE
	EndGlobalSection
	GlobalSection(NestedProjects) = preSolution
		{75520436-5610-418A-8237-3792A6D74416} = {B522F9B1-917C-4242-A55A-FB27F7465218}
		{573A1CD5-7A1C-4732-BAE7-F61682462416} = {B522F9B1-917C-4242-A55A-FB27F7465218}
		{3CB42172-A1FF-44A6-A0E6-8D262F77F2EE} = {BC14639B-48A7-480E-B34C-F53AB1383602}
		{D2766C3B-A982-45BB-98E4-CBB44414A45A} = {BC14639B-48A7-480E-B34C-F53AB1383602}
		{7C13F57F-F90E-4462-8359-E8E74910187A} = {BC14639B-48A7-480E-B34C-F53AB1383602}
		{B522F9B1-917C-4242-A55A-FB27F7465218} = {9F680441-26D5-4D15-8115-83FDC9473DE8}
		{BC14639B-48A7-480E-B34C-F53AB1383602} = {9F680441-26D5-4D15-8115-83FDC9473DE8}
		{0EE512F2-0740-4BAB-8CA3-56CBF8F022A9} = {9F680441-26D5-4D15-8115-83FDC9473DE8}
		{D0E074D8-4014-410C-9A4E-FA400E12BD38} = {B522F9B1-917C-4242-A55A-FB27F7465218}
		{BBAF31C4-5858-46A8-AD49-52C98FE73BBF} = {B522F9B1-917C-4242-A55A-FB27F7465218}
		{A673C38F-2971-46FC-ABB9-C9495E44629C} = {B522F9B1-917C-4242-A55A-FB27F7465218}
		{78F94936-F5CB-49A7-9465-E8C63A3013D5} = {0EE512F2-0740-4BAB-8CA3-56CBF8F022A9}
		{0F41782B-684B-4F15-BF94-14A0592E7F6C} = {0EE512F2-0740-4BAB-8CA3-56CBF8F022A9}
		{3E14D073-76C0-4D36-B4F9-72482B3FF7E3} = {DE862315-F19F-49E3-9DCC-A3EC043FF422}
		{F03706F6-D5BB-479C-9AE6-82691C9ABA57} = {DE862315-F19F-49E3-9DCC-A3EC043FF422}
		{8625A2C5-7F89-447F-A388-92A400CD3215} = {DE862315-F19F-49E3-9DCC-A3EC043FF422}
		{0F037174-7352-4733-830A-2D6B742D41F2} = {DE862315-F19F-49E3-9DCC-A3EC043FF422}
		{9135B793-5001-4EDD-AF03-6B7FE2DF482F} = {DE862315-F19F-49E3-9DCC-A3EC043FF422}
		{4BD2E474-6ECE-4DAE-904E-BC3CA74BF98F} = {DE862315-F19F-49E3-9DCC-A3EC043FF422}
		{BEDF6597-658D-4FB3-BFF1-A7A48CF16E05} = {567343D4-CEEF-42AC-8AC8-02A6391DA059}
		{1D50D304-25B5-47F6-AC6C-C9809307942C} = {567343D4-CEEF-42AC-8AC8-02A6391DA059}
		{5BE34E40-74D7-478E-B1E0-E9BE2D8E3DB7} = {567343D4-CEEF-42AC-8AC8-02A6391DA059}
		{209ED6A7-DED3-4206-A6E0-04E3A63CAA55} = {567343D4-CEEF-42AC-8AC8-02A6391DA059}
		{AE8EA4C9-3F58-40EB-90A9-6ECF48E7B2D6} = {567343D4-CEEF-42AC-8AC8-02A6391DA059}
		{10080144-8D6B-4B05-BAD4-02DF6FF154B1} = {567343D4-CEEF-42AC-8AC8-02A6391DA059}
		{E643EE7F-D232-448A-8FA5-429D57F51685} = {567343D4-CEEF-42AC-8AC8-02A6391DA059}
		{9968F44D-54D0-4772-B7C9-151CED89C28F} = {567343D4-CEEF-42AC-8AC8-02A6391DA059}
		{6BB0877D-928C-4EC9-85EC-08CEA7E46A91} = {567343D4-CEEF-42AC-8AC8-02A6391DA059}
		{B93F3A6F-2A85-40E2-809E-4A0925F745BE} = {567343D4-CEEF-42AC-8AC8-02A6391DA059}
		{4085CD5F-8533-41F0-9609-C810F7ADB69B} = {DE862315-F19F-49E3-9DCC-A3EC043FF422}
	EndGlobalSection
	GlobalSection(ExtensibilityGlobals) = postSolution
		SolutionGuid = {C7E8A650-965E-4175-B03C-832FABDB4FFA}
	EndGlobalSection
EndGlobal
