
Microsoft Visual Studio Solution File, Format Version 12.00
# Visual Studio Version 17
VisualStudioVersion = 17.0.31717.71
MinimumVisualStudioVersion = 10.0.40219.1
Project("{2150E333-8FDC-42A3-9474-1A3956D46DE8}") = "src", "src", "{E31985AF-8BEF-44EB-93D1-E8507F64539F}"
EndProject
Project("{2150E333-8FDC-42A3-9474-1A3956D46DE8}") = "examples", "examples", "{F4D0CA7A-BF55-4D8B-91C5-4036ABD16408}"
EndProject
Project("{2150E333-8FDC-42A3-9474-1A3956D46DE8}") = "tools", "tools", "{7021A845-B589-449A-AD15-65863C92F947}"
EndProject
Project("{9A19103F-16F7-4668-BE54-9A1E7A4F7556}") = "Husty", "src\Husty\Husty.csproj", "{68EDF25F-0264-4D59-ADAC-E3AAB29973EF}"
EndProject
Project("{9A19103F-16F7-4668-BE54-9A1E7A4F7556}") = "Husty.Lawicel", "src\Husty.Lawicel\Husty.Lawicel.csproj", "{609E3CB7-4CF3-4FD2-9179-0F2EBFDA1C28}"
EndProject
Project("{9A19103F-16F7-4668-BE54-9A1E7A4F7556}") = "Husty.OpenCvSharp", "src\Husty.OpenCvSharp\Husty.OpenCvSharp.csproj", "{A74462AC-BA38-4390-B17D-5753A7BE105C}"
EndProject
Project("{9A19103F-16F7-4668-BE54-9A1E7A4F7556}") = "Husty.OpenCvSharp.AzureKinect", "src\Husty.OpenCvSharp.AzureKinect\Husty.OpenCvSharp.AzureKinect.csproj", "{7ECE1CB3-96A0-4DEF-9B59-CF09BA82C547}"
EndProject
Project("{9A19103F-16F7-4668-BE54-9A1E7A4F7556}") = "Husty.OpenCvSharp.OnnxRuntime", "src\Husty.OpenCvSharp.OnnxRuntime\Husty.OpenCvSharp.OnnxRuntime.csproj", "{6A0497A5-0F7A-46D1-B718-1FC2FF39348C}"
EndProject
Project("{9A19103F-16F7-4668-BE54-9A1E7A4F7556}") = "Husty.OpenCvSharp.RealSense", "src\Husty.OpenCvSharp.RealSense\Husty.OpenCvSharp.RealSense.csproj", "{056C3E62-0760-4CB9-8EBA-59DA82D6F00E}"
EndProject
Project("{9A19103F-16F7-4668-BE54-9A1E7A4F7556}") = "CanOpen", "examples\CanOpen\CanOpen.csproj", "{0C1CE8B8-BF7A-4E4B-BCD5-E6FCB7556F70}"
EndProject
Project("{9A19103F-16F7-4668-BE54-9A1E7A4F7556}") = "DepthCameraStartup", "examples\DepthCameraStartup\DepthCameraStartup.csproj", "{EDD468FF-40E7-4B61-80B3-92E80117B921}"
EndProject
Project("{9A19103F-16F7-4668-BE54-9A1E7A4F7556}") = "HoughSingleLine", "examples\HoughSingleLine\HoughSingleLine.csproj", "{37F4754D-E206-4EE4-8420-0BD323FE8BC1}"
EndProject
Project("{9A19103F-16F7-4668-BE54-9A1E7A4F7556}") = "ImageStreamBranch", "examples\ImageStreamBranch\ImageStreamBranch.csproj", "{850ACB93-7CD2-4641-B305-3C89BA8E6BDE}"
EndProject
Project("{9A19103F-16F7-4668-BE54-9A1E7A4F7556}") = "Localization", "examples\Localization\Localization.csproj", "{FE931BE5-7069-42A2-8B84-911983F20FDE}"
EndProject
Project("{9A19103F-16F7-4668-BE54-9A1E7A4F7556}") = "MultiUdpReceiver", "examples\MultiUdpReceiver\MultiUdpReceiver.csproj", "{0E85556C-8E5E-4A79-BE24-63B1FD986EAE}"
EndProject
Project("{9A19103F-16F7-4668-BE54-9A1E7A4F7556}") = "MultiUdpSender", "examples\MultiUdpSender\MultiUdpSender.csproj", "{F09B2CAC-A8F2-4BBD-8B53-53AF789168A4}"
EndProject
Project("{9A19103F-16F7-4668-BE54-9A1E7A4F7556}") = "Tracker", "examples\Tracker\Tracker.csproj", "{E488E6AF-A28E-4F1C-9A98-A8F5A8A378F3}"
EndProject
Project("{9A19103F-16F7-4668-BE54-9A1E7A4F7556}") = "Video", "examples\Video\Video.csproj", "{1178DF85-9FF5-4C74-940C-AB0132AC043C}"
EndProject
Project("{9A19103F-16F7-4668-BE54-9A1E7A4F7556}") = "Yolo", "examples\Yolo\Yolo.csproj", "{A4C8C115-D72B-401C-BB91-FC1367BF530E}"
EndProject
Project("{9A19103F-16F7-4668-BE54-9A1E7A4F7556}") = "Camera", "tools\Camera\Camera.csproj", "{84C514AF-DC10-4B37-89A8-A8F1A9481406}"
EndProject
Project("{9A19103F-16F7-4668-BE54-9A1E7A4F7556}") = "CameraExtrinsicCalibrator", "tools\CameraExtrinsicCalibrator\CameraExtrinsicCalibrator.csproj", "{889070ED-6686-41CE-8410-982A0AAF4997}"
EndProject
Project("{9A19103F-16F7-4668-BE54-9A1E7A4F7556}") = "CameraIntrinsicCalibrator", "tools\CameraIntrinsicCalibrator\CameraIntrinsicCalibrator.csproj", "{120D8945-E94C-482C-BFD3-973CF8BD695F}"
EndProject
Project("{9A19103F-16F7-4668-BE54-9A1E7A4F7556}") = "CanAnalyzer", "tools\CanAnalyzer\CanAnalyzer.csproj", "{ABEC6211-E0EA-44D8-8168-2C41C4A03BC9}"
EndProject
Project("{9A19103F-16F7-4668-BE54-9A1E7A4F7556}") = "DepthCamera", "tools\DepthCamera\DepthCamera.csproj", "{511CE43B-6459-42D1-A48A-A157094DE546}"
EndProject
Global
	GlobalSection(SolutionConfigurationPlatforms) = preSolution
		Debug|Any CPU = Debug|Any CPU
		Debug|x64 = Debug|x64
		Release|Any CPU = Release|Any CPU
		Release|x64 = Release|x64
	EndGlobalSection
	GlobalSection(ProjectConfigurationPlatforms) = postSolution
		{68EDF25F-0264-4D59-ADAC-E3AAB29973EF}.Debug|Any CPU.ActiveCfg = Debug|Any CPU
		{68EDF25F-0264-4D59-ADAC-E3AAB29973EF}.Debug|Any CPU.Build.0 = Debug|Any CPU
		{68EDF25F-0264-4D59-ADAC-E3AAB29973EF}.Debug|x64.ActiveCfg = Debug|Any CPU
		{68EDF25F-0264-4D59-ADAC-E3AAB29973EF}.Debug|x64.Build.0 = Debug|Any CPU
		{68EDF25F-0264-4D59-ADAC-E3AAB29973EF}.Release|Any CPU.ActiveCfg = Release|Any CPU
		{68EDF25F-0264-4D59-ADAC-E3AAB29973EF}.Release|Any CPU.Build.0 = Release|Any CPU
		{68EDF25F-0264-4D59-ADAC-E3AAB29973EF}.Release|x64.ActiveCfg = Release|Any CPU
		{68EDF25F-0264-4D59-ADAC-E3AAB29973EF}.Release|x64.Build.0 = Release|Any CPU
		{609E3CB7-4CF3-4FD2-9179-0F2EBFDA1C28}.Debug|Any CPU.ActiveCfg = Debug|Any CPU
		{609E3CB7-4CF3-4FD2-9179-0F2EBFDA1C28}.Debug|Any CPU.Build.0 = Debug|Any CPU
		{609E3CB7-4CF3-4FD2-9179-0F2EBFDA1C28}.Debug|x64.ActiveCfg = Debug|Any CPU
		{609E3CB7-4CF3-4FD2-9179-0F2EBFDA1C28}.Debug|x64.Build.0 = Debug|Any CPU
		{609E3CB7-4CF3-4FD2-9179-0F2EBFDA1C28}.Release|Any CPU.ActiveCfg = Release|Any CPU
		{609E3CB7-4CF3-4FD2-9179-0F2EBFDA1C28}.Release|Any CPU.Build.0 = Release|Any CPU
		{609E3CB7-4CF3-4FD2-9179-0F2EBFDA1C28}.Release|x64.ActiveCfg = Release|Any CPU
		{609E3CB7-4CF3-4FD2-9179-0F2EBFDA1C28}.Release|x64.Build.0 = Release|Any CPU
		{A74462AC-BA38-4390-B17D-5753A7BE105C}.Debug|Any CPU.ActiveCfg = Debug|Any CPU
		{A74462AC-BA38-4390-B17D-5753A7BE105C}.Debug|Any CPU.Build.0 = Debug|Any CPU
		{A74462AC-BA38-4390-B17D-5753A7BE105C}.Debug|x64.ActiveCfg = Debug|Any CPU
		{A74462AC-BA38-4390-B17D-5753A7BE105C}.Debug|x64.Build.0 = Debug|Any CPU
		{A74462AC-BA38-4390-B17D-5753A7BE105C}.Release|Any CPU.ActiveCfg = Release|Any CPU
		{A74462AC-BA38-4390-B17D-5753A7BE105C}.Release|Any CPU.Build.0 = Release|Any CPU
		{A74462AC-BA38-4390-B17D-5753A7BE105C}.Release|x64.ActiveCfg = Release|Any CPU
		{A74462AC-BA38-4390-B17D-5753A7BE105C}.Release|x64.Build.0 = Release|Any CPU
		{7ECE1CB3-96A0-4DEF-9B59-CF09BA82C547}.Debug|Any CPU.ActiveCfg = Debug|Any CPU
		{7ECE1CB3-96A0-4DEF-9B59-CF09BA82C547}.Debug|Any CPU.Build.0 = Debug|Any CPU
		{7ECE1CB3-96A0-4DEF-9B59-CF09BA82C547}.Debug|x64.ActiveCfg = Debug|x64
		{7ECE1CB3-96A0-4DEF-9B59-CF09BA82C547}.Debug|x64.Build.0 = Debug|x64
		{7ECE1CB3-96A0-4DEF-9B59-CF09BA82C547}.Release|Any CPU.ActiveCfg = Release|Any CPU
		{7ECE1CB3-96A0-4DEF-9B59-CF09BA82C547}.Release|Any CPU.Build.0 = Release|Any CPU
		{7ECE1CB3-96A0-4DEF-9B59-CF09BA82C547}.Release|x64.ActiveCfg = Release|x64
		{7ECE1CB3-96A0-4DEF-9B59-CF09BA82C547}.Release|x64.Build.0 = Release|x64
		{6A0497A5-0F7A-46D1-B718-1FC2FF39348C}.Debug|Any CPU.ActiveCfg = Debug|Any CPU
		{6A0497A5-0F7A-46D1-B718-1FC2FF39348C}.Debug|Any CPU.Build.0 = Debug|Any CPU
		{6A0497A5-0F7A-46D1-B718-1FC2FF39348C}.Debug|x64.ActiveCfg = Debug|Any CPU
		{6A0497A5-0F7A-46D1-B718-1FC2FF39348C}.Debug|x64.Build.0 = Debug|Any CPU
		{6A0497A5-0F7A-46D1-B718-1FC2FF39348C}.Release|Any CPU.ActiveCfg = Release|Any CPU
		{6A0497A5-0F7A-46D1-B718-1FC2FF39348C}.Release|Any CPU.Build.0 = Release|Any CPU
		{6A0497A5-0F7A-46D1-B718-1FC2FF39348C}.Release|x64.ActiveCfg = Release|Any CPU
		{6A0497A5-0F7A-46D1-B718-1FC2FF39348C}.Release|x64.Build.0 = Release|Any CPU
		{056C3E62-0760-4CB9-8EBA-59DA82D6F00E}.Debug|Any CPU.ActiveCfg = Debug|Any CPU
		{056C3E62-0760-4CB9-8EBA-59DA82D6F00E}.Debug|Any CPU.Build.0 = Debug|Any CPU
		{056C3E62-0760-4CB9-8EBA-59DA82D6F00E}.Debug|x64.ActiveCfg = Debug|Any CPU
		{056C3E62-0760-4CB9-8EBA-59DA82D6F00E}.Debug|x64.Build.0 = Debug|Any CPU
		{056C3E62-0760-4CB9-8EBA-59DA82D6F00E}.Release|Any CPU.ActiveCfg = Release|Any CPU
		{056C3E62-0760-4CB9-8EBA-59DA82D6F00E}.Release|Any CPU.Build.0 = Release|Any CPU
		{056C3E62-0760-4CB9-8EBA-59DA82D6F00E}.Release|x64.ActiveCfg = Release|Any CPU
		{056C3E62-0760-4CB9-8EBA-59DA82D6F00E}.Release|x64.Build.0 = Release|Any CPU
		{0C1CE8B8-BF7A-4E4B-BCD5-E6FCB7556F70}.Debug|Any CPU.ActiveCfg = Debug|Any CPU
		{0C1CE8B8-BF7A-4E4B-BCD5-E6FCB7556F70}.Debug|Any CPU.Build.0 = Debug|Any CPU
		{0C1CE8B8-BF7A-4E4B-BCD5-E6FCB7556F70}.Debug|x64.ActiveCfg = Debug|Any CPU
		{0C1CE8B8-BF7A-4E4B-BCD5-E6FCB7556F70}.Debug|x64.Build.0 = Debug|Any CPU
		{0C1CE8B8-BF7A-4E4B-BCD5-E6FCB7556F70}.Release|Any CPU.ActiveCfg = Release|Any CPU
		{0C1CE8B8-BF7A-4E4B-BCD5-E6FCB7556F70}.Release|Any CPU.Build.0 = Release|Any CPU
		{0C1CE8B8-BF7A-4E4B-BCD5-E6FCB7556F70}.Release|x64.ActiveCfg = Release|Any CPU
		{0C1CE8B8-BF7A-4E4B-BCD5-E6FCB7556F70}.Release|x64.Build.0 = Release|Any CPU
		{EDD468FF-40E7-4B61-80B3-92E80117B921}.Debug|Any CPU.ActiveCfg = Debug|Any CPU
		{EDD468FF-40E7-4B61-80B3-92E80117B921}.Debug|Any CPU.Build.0 = Debug|Any CPU
		{EDD468FF-40E7-4B61-80B3-92E80117B921}.Debug|x64.ActiveCfg = Debug|Any CPU
		{EDD468FF-40E7-4B61-80B3-92E80117B921}.Debug|x64.Build.0 = Debug|Any CPU
		{EDD468FF-40E7-4B61-80B3-92E80117B921}.Release|Any CPU.ActiveCfg = Release|Any CPU
		{EDD468FF-40E7-4B61-80B3-92E80117B921}.Release|Any CPU.Build.0 = Release|Any CPU
		{EDD468FF-40E7-4B61-80B3-92E80117B921}.Release|x64.ActiveCfg = Release|Any CPU
		{EDD468FF-40E7-4B61-80B3-92E80117B921}.Release|x64.Build.0 = Release|Any CPU
		{37F4754D-E206-4EE4-8420-0BD323FE8BC1}.Debug|Any CPU.ActiveCfg = Debug|Any CPU
		{37F4754D-E206-4EE4-8420-0BD323FE8BC1}.Debug|Any CPU.Build.0 = Debug|Any CPU
		{37F4754D-E206-4EE4-8420-0BD323FE8BC1}.Debug|x64.ActiveCfg = Debug|Any CPU
		{37F4754D-E206-4EE4-8420-0BD323FE8BC1}.Debug|x64.Build.0 = Debug|Any CPU
		{37F4754D-E206-4EE4-8420-0BD323FE8BC1}.Release|Any CPU.ActiveCfg = Release|Any CPU
		{37F4754D-E206-4EE4-8420-0BD323FE8BC1}.Release|Any CPU.Build.0 = Release|Any CPU
		{37F4754D-E206-4EE4-8420-0BD323FE8BC1}.Release|x64.ActiveCfg = Release|Any CPU
		{37F4754D-E206-4EE4-8420-0BD323FE8BC1}.Release|x64.Build.0 = Release|Any CPU
		{850ACB93-7CD2-4641-B305-3C89BA8E6BDE}.Debug|Any CPU.ActiveCfg = Debug|Any CPU
		{850ACB93-7CD2-4641-B305-3C89BA8E6BDE}.Debug|Any CPU.Build.0 = Debug|Any CPU
		{850ACB93-7CD2-4641-B305-3C89BA8E6BDE}.Debug|x64.ActiveCfg = Debug|Any CPU
		{850ACB93-7CD2-4641-B305-3C89BA8E6BDE}.Debug|x64.Build.0 = Debug|Any CPU
		{850ACB93-7CD2-4641-B305-3C89BA8E6BDE}.Release|Any CPU.ActiveCfg = Release|Any CPU
		{850ACB93-7CD2-4641-B305-3C89BA8E6BDE}.Release|Any CPU.Build.0 = Release|Any CPU
		{850ACB93-7CD2-4641-B305-3C89BA8E6BDE}.Release|x64.ActiveCfg = Release|Any CPU
		{850ACB93-7CD2-4641-B305-3C89BA8E6BDE}.Release|x64.Build.0 = Release|Any CPU
		{FE931BE5-7069-42A2-8B84-911983F20FDE}.Debug|Any CPU.ActiveCfg = Debug|Any CPU
		{FE931BE5-7069-42A2-8B84-911983F20FDE}.Debug|Any CPU.Build.0 = Debug|Any CPU
		{FE931BE5-7069-42A2-8B84-911983F20FDE}.Debug|x64.ActiveCfg = Debug|Any CPU
		{FE931BE5-7069-42A2-8B84-911983F20FDE}.Debug|x64.Build.0 = Debug|Any CPU
		{FE931BE5-7069-42A2-8B84-911983F20FDE}.Release|Any CPU.ActiveCfg = Release|Any CPU
		{FE931BE5-7069-42A2-8B84-911983F20FDE}.Release|Any CPU.Build.0 = Release|Any CPU
		{FE931BE5-7069-42A2-8B84-911983F20FDE}.Release|x64.ActiveCfg = Release|Any CPU
		{FE931BE5-7069-42A2-8B84-911983F20FDE}.Release|x64.Build.0 = Release|Any CPU
		{0E85556C-8E5E-4A79-BE24-63B1FD986EAE}.Debug|Any CPU.ActiveCfg = Debug|Any CPU
		{0E85556C-8E5E-4A79-BE24-63B1FD986EAE}.Debug|Any CPU.Build.0 = Debug|Any CPU
		{0E85556C-8E5E-4A79-BE24-63B1FD986EAE}.Debug|x64.ActiveCfg = Debug|Any CPU
		{0E85556C-8E5E-4A79-BE24-63B1FD986EAE}.Debug|x64.Build.0 = Debug|Any CPU
		{0E85556C-8E5E-4A79-BE24-63B1FD986EAE}.Release|Any CPU.ActiveCfg = Release|Any CPU
		{0E85556C-8E5E-4A79-BE24-63B1FD986EAE}.Release|Any CPU.Build.0 = Release|Any CPU
		{0E85556C-8E5E-4A79-BE24-63B1FD986EAE}.Release|x64.ActiveCfg = Release|Any CPU
		{0E85556C-8E5E-4A79-BE24-63B1FD986EAE}.Release|x64.Build.0 = Release|Any CPU
		{F09B2CAC-A8F2-4BBD-8B53-53AF789168A4}.Debug|Any CPU.ActiveCfg = Debug|Any CPU
		{F09B2CAC-A8F2-4BBD-8B53-53AF789168A4}.Debug|Any CPU.Build.0 = Debug|Any CPU
		{F09B2CAC-A8F2-4BBD-8B53-53AF789168A4}.Debug|x64.ActiveCfg = Debug|Any CPU
		{F09B2CAC-A8F2-4BBD-8B53-53AF789168A4}.Debug|x64.Build.0 = Debug|Any CPU
		{F09B2CAC-A8F2-4BBD-8B53-53AF789168A4}.Release|Any CPU.ActiveCfg = Release|Any CPU
		{F09B2CAC-A8F2-4BBD-8B53-53AF789168A4}.Release|Any CPU.Build.0 = Release|Any CPU
		{F09B2CAC-A8F2-4BBD-8B53-53AF789168A4}.Release|x64.ActiveCfg = Release|Any CPU
		{F09B2CAC-A8F2-4BBD-8B53-53AF789168A4}.Release|x64.Build.0 = Release|Any CPU
		{E488E6AF-A28E-4F1C-9A98-A8F5A8A378F3}.Debug|Any CPU.ActiveCfg = Debug|Any CPU
		{E488E6AF-A28E-4F1C-9A98-A8F5A8A378F3}.Debug|Any CPU.Build.0 = Debug|Any CPU
		{E488E6AF-A28E-4F1C-9A98-A8F5A8A378F3}.Debug|x64.ActiveCfg = Debug|Any CPU
		{E488E6AF-A28E-4F1C-9A98-A8F5A8A378F3}.Debug|x64.Build.0 = Debug|Any CPU
		{E488E6AF-A28E-4F1C-9A98-A8F5A8A378F3}.Release|Any CPU.ActiveCfg = Release|Any CPU
		{E488E6AF-A28E-4F1C-9A98-A8F5A8A378F3}.Release|Any CPU.Build.0 = Release|Any CPU
		{E488E6AF-A28E-4F1C-9A98-A8F5A8A378F3}.Release|x64.ActiveCfg = Release|Any CPU
		{E488E6AF-A28E-4F1C-9A98-A8F5A8A378F3}.Release|x64.Build.0 = Release|Any CPU
		{1178DF85-9FF5-4C74-940C-AB0132AC043C}.Debug|Any CPU.ActiveCfg = Debug|Any CPU
		{1178DF85-9FF5-4C74-940C-AB0132AC043C}.Debug|Any CPU.Build.0 = Debug|Any CPU
		{1178DF85-9FF5-4C74-940C-AB0132AC043C}.Debug|x64.ActiveCfg = Debug|Any CPU
		{1178DF85-9FF5-4C74-940C-AB0132AC043C}.Debug|x64.Build.0 = Debug|Any CPU
		{1178DF85-9FF5-4C74-940C-AB0132AC043C}.Release|Any CPU.ActiveCfg = Release|Any CPU
		{1178DF85-9FF5-4C74-940C-AB0132AC043C}.Release|Any CPU.Build.0 = Release|Any CPU
		{1178DF85-9FF5-4C74-940C-AB0132AC043C}.Release|x64.ActiveCfg = Release|Any CPU
		{1178DF85-9FF5-4C74-940C-AB0132AC043C}.Release|x64.Build.0 = Release|Any CPU
		{A4C8C115-D72B-401C-BB91-FC1367BF530E}.Debug|Any CPU.ActiveCfg = Debug|Any CPU
		{A4C8C115-D72B-401C-BB91-FC1367BF530E}.Debug|Any CPU.Build.0 = Debug|Any CPU
		{A4C8C115-D72B-401C-BB91-FC1367BF530E}.Debug|x64.ActiveCfg = Debug|Any CPU
		{A4C8C115-D72B-401C-BB91-FC1367BF530E}.Debug|x64.Build.0 = Debug|Any CPU
		{A4C8C115-D72B-401C-BB91-FC1367BF530E}.Release|Any CPU.ActiveCfg = Release|Any CPU
		{A4C8C115-D72B-401C-BB91-FC1367BF530E}.Release|Any CPU.Build.0 = Release|Any CPU
		{A4C8C115-D72B-401C-BB91-FC1367BF530E}.Release|x64.ActiveCfg = Release|Any CPU
		{A4C8C115-D72B-401C-BB91-FC1367BF530E}.Release|x64.Build.0 = Release|Any CPU
		{84C514AF-DC10-4B37-89A8-A8F1A9481406}.Debug|Any CPU.ActiveCfg = Debug|Any CPU
		{84C514AF-DC10-4B37-89A8-A8F1A9481406}.Debug|Any CPU.Build.0 = Debug|Any CPU
		{84C514AF-DC10-4B37-89A8-A8F1A9481406}.Debug|x64.ActiveCfg = Debug|Any CPU
		{84C514AF-DC10-4B37-89A8-A8F1A9481406}.Debug|x64.Build.0 = Debug|Any CPU
		{84C514AF-DC10-4B37-89A8-A8F1A9481406}.Release|Any CPU.ActiveCfg = Release|Any CPU
		{84C514AF-DC10-4B37-89A8-A8F1A9481406}.Release|Any CPU.Build.0 = Release|Any CPU
		{84C514AF-DC10-4B37-89A8-A8F1A9481406}.Release|x64.ActiveCfg = Release|Any CPU
		{84C514AF-DC10-4B37-89A8-A8F1A9481406}.Release|x64.Build.0 = Release|Any CPU
		{889070ED-6686-41CE-8410-982A0AAF4997}.Debug|Any CPU.ActiveCfg = Debug|Any CPU
		{889070ED-6686-41CE-8410-982A0AAF4997}.Debug|Any CPU.Build.0 = Debug|Any CPU
		{889070ED-6686-41CE-8410-982A0AAF4997}.Debug|x64.ActiveCfg = Debug|Any CPU
		{889070ED-6686-41CE-8410-982A0AAF4997}.Debug|x64.Build.0 = Debug|Any CPU
		{889070ED-6686-41CE-8410-982A0AAF4997}.Release|Any CPU.ActiveCfg = Release|Any CPU
		{889070ED-6686-41CE-8410-982A0AAF4997}.Release|Any CPU.Build.0 = Release|Any CPU
		{889070ED-6686-41CE-8410-982A0AAF4997}.Release|x64.ActiveCfg = Release|Any CPU
		{889070ED-6686-41CE-8410-982A0AAF4997}.Release|x64.Build.0 = Release|Any CPU
		{120D8945-E94C-482C-BFD3-973CF8BD695F}.Debug|Any CPU.ActiveCfg = Debug|Any CPU
		{120D8945-E94C-482C-BFD3-973CF8BD695F}.Debug|Any CPU.Build.0 = Debug|Any CPU
		{120D8945-E94C-482C-BFD3-973CF8BD695F}.Debug|x64.ActiveCfg = Debug|Any CPU
		{120D8945-E94C-482C-BFD3-973CF8BD695F}.Debug|x64.Build.0 = Debug|Any CPU
		{120D8945-E94C-482C-BFD3-973CF8BD695F}.Release|Any CPU.ActiveCfg = Release|Any CPU
		{120D8945-E94C-482C-BFD3-973CF8BD695F}.Release|Any CPU.Build.0 = Release|Any CPU
		{120D8945-E94C-482C-BFD3-973CF8BD695F}.Release|x64.ActiveCfg = Release|Any CPU
		{120D8945-E94C-482C-BFD3-973CF8BD695F}.Release|x64.Build.0 = Release|Any CPU
		{ABEC6211-E0EA-44D8-8168-2C41C4A03BC9}.Debug|Any CPU.ActiveCfg = Debug|Any CPU
		{ABEC6211-E0EA-44D8-8168-2C41C4A03BC9}.Debug|Any CPU.Build.0 = Debug|Any CPU
		{ABEC6211-E0EA-44D8-8168-2C41C4A03BC9}.Debug|x64.ActiveCfg = Debug|Any CPU
		{ABEC6211-E0EA-44D8-8168-2C41C4A03BC9}.Debug|x64.Build.0 = Debug|Any CPU
		{ABEC6211-E0EA-44D8-8168-2C41C4A03BC9}.Release|Any CPU.ActiveCfg = Release|Any CPU
		{ABEC6211-E0EA-44D8-8168-2C41C4A03BC9}.Release|Any CPU.Build.0 = Release|Any CPU
		{ABEC6211-E0EA-44D8-8168-2C41C4A03BC9}.Release|x64.ActiveCfg = Release|Any CPU
		{ABEC6211-E0EA-44D8-8168-2C41C4A03BC9}.Release|x64.Build.0 = Release|Any CPU
		{511CE43B-6459-42D1-A48A-A157094DE546}.Debug|Any CPU.ActiveCfg = Debug|Any CPU
		{511CE43B-6459-42D1-A48A-A157094DE546}.Debug|Any CPU.Build.0 = Debug|Any CPU
		{511CE43B-6459-42D1-A48A-A157094DE546}.Debug|x64.ActiveCfg = Debug|x64
		{511CE43B-6459-42D1-A48A-A157094DE546}.Debug|x64.Build.0 = Debug|x64
		{511CE43B-6459-42D1-A48A-A157094DE546}.Release|Any CPU.ActiveCfg = Release|Any CPU
		{511CE43B-6459-42D1-A48A-A157094DE546}.Release|Any CPU.Build.0 = Release|Any CPU
		{511CE43B-6459-42D1-A48A-A157094DE546}.Release|x64.ActiveCfg = Release|x64
		{511CE43B-6459-42D1-A48A-A157094DE546}.Release|x64.Build.0 = Release|x64
	EndGlobalSection
	GlobalSection(SolutionProperties) = preSolution
		HideSolutionNode = FALSE
	EndGlobalSection
	GlobalSection(NestedProjects) = preSolution
		{68EDF25F-0264-4D59-ADAC-E3AAB29973EF} = {E31985AF-8BEF-44EB-93D1-E8507F64539F}
		{609E3CB7-4CF3-4FD2-9179-0F2EBFDA1C28} = {E31985AF-8BEF-44EB-93D1-E8507F64539F}
		{A74462AC-BA38-4390-B17D-5753A7BE105C} = {E31985AF-8BEF-44EB-93D1-E8507F64539F}
		{7ECE1CB3-96A0-4DEF-9B59-CF09BA82C547} = {E31985AF-8BEF-44EB-93D1-E8507F64539F}
		{6A0497A5-0F7A-46D1-B718-1FC2FF39348C} = {E31985AF-8BEF-44EB-93D1-E8507F64539F}
		{056C3E62-0760-4CB9-8EBA-59DA82D6F00E} = {E31985AF-8BEF-44EB-93D1-E8507F64539F}
		{0C1CE8B8-BF7A-4E4B-BCD5-E6FCB7556F70} = {F4D0CA7A-BF55-4D8B-91C5-4036ABD16408}
		{EDD468FF-40E7-4B61-80B3-92E80117B921} = {F4D0CA7A-BF55-4D8B-91C5-4036ABD16408}
		{37F4754D-E206-4EE4-8420-0BD323FE8BC1} = {F4D0CA7A-BF55-4D8B-91C5-4036ABD16408}
		{850ACB93-7CD2-4641-B305-3C89BA8E6BDE} = {F4D0CA7A-BF55-4D8B-91C5-4036ABD16408}
		{FE931BE5-7069-42A2-8B84-911983F20FDE} = {F4D0CA7A-BF55-4D8B-91C5-4036ABD16408}
		{0E85556C-8E5E-4A79-BE24-63B1FD986EAE} = {F4D0CA7A-BF55-4D8B-91C5-4036ABD16408}
		{F09B2CAC-A8F2-4BBD-8B53-53AF789168A4} = {F4D0CA7A-BF55-4D8B-91C5-4036ABD16408}
		{E488E6AF-A28E-4F1C-9A98-A8F5A8A378F3} = {F4D0CA7A-BF55-4D8B-91C5-4036ABD16408}
		{1178DF85-9FF5-4C74-940C-AB0132AC043C} = {F4D0CA7A-BF55-4D8B-91C5-4036ABD16408}
		{A4C8C115-D72B-401C-BB91-FC1367BF530E} = {F4D0CA7A-BF55-4D8B-91C5-4036ABD16408}
		{84C514AF-DC10-4B37-89A8-A8F1A9481406} = {7021A845-B589-449A-AD15-65863C92F947}
		{889070ED-6686-41CE-8410-982A0AAF4997} = {7021A845-B589-449A-AD15-65863C92F947}
		{120D8945-E94C-482C-BFD3-973CF8BD695F} = {7021A845-B589-449A-AD15-65863C92F947}
		{ABEC6211-E0EA-44D8-8168-2C41C4A03BC9} = {7021A845-B589-449A-AD15-65863C92F947}
		{511CE43B-6459-42D1-A48A-A157094DE546} = {7021A845-B589-449A-AD15-65863C92F947}
	EndGlobalSection
	GlobalSection(ExtensibilityGlobals) = postSolution
		SolutionGuid = {C7E8A650-965E-4175-B03C-832FABDB4FFA}
	EndGlobalSection
EndGlobal
